
Microsoft Visual Studio Solution File, Format Version 12.00
# Visual Studio 15
VisualStudioVersion = 15.0.26730.12
MinimumVisualStudioVersion = 10.0.40219.1
Project("{2150E333-8FDC-42A3-9474-1A3956D46DE8}") = "Solution Items", "Solution Items", "{917CC942-A1BF-4E4A-8C03-67DA7C89EC09}"
	ProjectSection(SolutionItems) = preProject
		..\.gitignore = ..\.gitignore
		..\.travis.yml = ..\.travis.yml
		..\build.sh = ..\build.sh
		Packaging\Exrin.nuspec = Packaging\Exrin.nuspec
		..\README.md = ..\README.md
	EndProjectSection
EndProject
Project("{2150E333-8FDC-42A3-9474-1A3956D46DE8}") = "Sample", "Sample", "{4452E130-0933-44E5-A1AE-32EF7864F119}"
EndProject
Project("{2150E333-8FDC-42A3-9474-1A3956D46DE8}") = "Core", "Core", "{F78FB073-D3C8-4D7B-8AB0-593C87E8C76E}"
EndProject
Project("{2150E333-8FDC-42A3-9474-1A3956D46DE8}") = "Inspector", "Inspector", "{48AA8230-83B2-4AC7-B4AE-F5B70E1C100E}"
EndProject
Project("{2150E333-8FDC-42A3-9474-1A3956D46DE8}") = "App", "App", "{2B260E3F-22C3-4E11-AFF6-0ACE260F3E7E}"
EndProject
Project("{9A19103F-16F7-4668-BE54-9A1E7A4F7556}") = "Exrin", "Exrin.Framework\Exrin.csproj", "{FF2E4654-1F48-4F8F-B9BA-FA4D8CB22F78}"
EndProject
Project("{9A19103F-16F7-4668-BE54-9A1E7A4F7556}") = "Exrin.Inspector", "Exrin.Inspector\Exrin.Inspector.csproj", "{20CB63FA-528B-4B56-8A63-74C3F5F2F11D}"
EndProject
Project("{FAE04EC0-301F-11D3-BF4B-00C04F79EFBC}") = "ExrinInspector", "ExrinInspector\ExrinInspector.csproj", "{0901F5F5-953D-4189-9EF0-5BA46C55A283}"
EndProject
Project("{FAE04EC0-301F-11D3-BF4B-00C04F79EFBC}") = "ExrinSampleMobileApp", "ExrinSampleMobileApp\ExrinSampleMobileApp\ExrinSampleMobileApp.csproj", "{AE675BBD-E87E-4169-BA91-D8D47143DAB6}"
EndProject
Project("{9A19103F-16F7-4668-BE54-9A1E7A4F7556}") = "ExrinSampleMobileApp.Framework", "ExrinSampleMobileApp\ExrinSampleMobileApp.Framework\ExrinSampleMobileApp.Framework.csproj", "{9F22541C-A2DF-48F4-9754-3C3543DCF131}"
EndProject
Project("{FAE04EC0-301F-11D3-BF4B-00C04F79EFBC}") = "ExrinSampleMobileApp.Logic", "ExrinSampleMobileApp\ExrinSampleMobileApp.Logic\ExrinSampleMobileApp.Logic.csproj", "{3AD8ECE7-3C64-46DE-A5F9-66A8012504AB}"
EndProject
Project("{FAE04EC0-301F-11D3-BF4B-00C04F79EFBC}") = "ExrinSampleMobileApp.View", "ExrinSampleMobileApp\ExrinSampleMobileApp.View\ExrinSampleMobileApp.View.csproj", "{20D78CBD-A75E-41F9-99F6-283DA3248B3C}"
EndProject
Project("{FAE04EC0-301F-11D3-BF4B-00C04F79EFBC}") = "ExrinSampleMobileApp.UWP", "ExrinSampleMobileApp\ExrinSampleMobileApp.UWP\ExrinSampleMobileApp.UWP.csproj", "{CB3ABD2F-D3A1-466E-8C9C-B84815488876}"
EndProject
Project("{FAE04EC0-301F-11D3-BF4B-00C04F79EFBC}") = "ExrinSampleMobileApp.Droid", "ExrinSampleMobileApp\ExrinSampleMobileApp.Droid\ExrinSampleMobileApp.Droid.csproj", "{85626A33-78B5-409C-AD13-3C7FE857CF25}"
EndProject
Project("{FAE04EC0-301F-11D3-BF4B-00C04F79EFBC}") = "ExrinSampleMobileApp.iOS", "ExrinSampleMobileApp\ExrinSampleMobileApp.iOS\ExrinSampleMobileApp.iOS.csproj", "{707C51D4-4CCC-4DCD-8467-E06D7D250612}"
EndProject
Project("{9A19103F-16F7-4668-BE54-9A1E7A4F7556}") = "ExrinSampleMobileApp.Isolate1", "ExrinSampleMobileApp.Isolate1\ExrinSampleMobileApp.Isolate1.csproj", "{A135958C-C18F-4385-9737-FB89B95F187C}"
EndProject
Project("{FAE04EC0-301F-11D3-BF4B-00C04F79EFBC}") = "Exrin.Tests", "Exrin.Tests\Exrin.Tests.csproj", "{01434805-4B7F-4126-91DE-6AE69F93AC77}"
EndProject
Global
	GlobalSection(SolutionConfigurationPlatforms) = preSolution
		Ad-Hoc|Any CPU = Ad-Hoc|Any CPU
		Ad-Hoc|ARM = Ad-Hoc|ARM
		Ad-Hoc|iPhone = Ad-Hoc|iPhone
		Ad-Hoc|iPhoneSimulator = Ad-Hoc|iPhoneSimulator
		Ad-Hoc|x64 = Ad-Hoc|x64
		Ad-Hoc|x86 = Ad-Hoc|x86
		AppStore|Any CPU = AppStore|Any CPU
		AppStore|ARM = AppStore|ARM
		AppStore|iPhone = AppStore|iPhone
		AppStore|iPhoneSimulator = AppStore|iPhoneSimulator
		AppStore|x64 = AppStore|x64
		AppStore|x86 = AppStore|x86
		Debug|Any CPU = Debug|Any CPU
		Debug|ARM = Debug|ARM
		Debug|iPhone = Debug|iPhone
		Debug|iPhoneSimulator = Debug|iPhoneSimulator
		Debug|x64 = Debug|x64
		Debug|x86 = Debug|x86
		Release|Any CPU = Release|Any CPU
		Release|ARM = Release|ARM
		Release|iPhone = Release|iPhone
		Release|iPhoneSimulator = Release|iPhoneSimulator
		Release|x64 = Release|x64
		Release|x86 = Release|x86
	EndGlobalSection
	GlobalSection(ProjectConfigurationPlatforms) = postSolution
		{FF2E4654-1F48-4F8F-B9BA-FA4D8CB22F78}.Ad-Hoc|Any CPU.ActiveCfg = Release|Any CPU
		{FF2E4654-1F48-4F8F-B9BA-FA4D8CB22F78}.Ad-Hoc|Any CPU.Build.0 = Release|Any CPU
		{FF2E4654-1F48-4F8F-B9BA-FA4D8CB22F78}.Ad-Hoc|ARM.ActiveCfg = Release|Any CPU
		{FF2E4654-1F48-4F8F-B9BA-FA4D8CB22F78}.Ad-Hoc|ARM.Build.0 = Release|Any CPU
		{FF2E4654-1F48-4F8F-B9BA-FA4D8CB22F78}.Ad-Hoc|iPhone.ActiveCfg = Release|Any CPU
		{FF2E4654-1F48-4F8F-B9BA-FA4D8CB22F78}.Ad-Hoc|iPhone.Build.0 = Release|Any CPU
		{FF2E4654-1F48-4F8F-B9BA-FA4D8CB22F78}.Ad-Hoc|iPhoneSimulator.ActiveCfg = Release|Any CPU
		{FF2E4654-1F48-4F8F-B9BA-FA4D8CB22F78}.Ad-Hoc|iPhoneSimulator.Build.0 = Release|Any CPU
		{FF2E4654-1F48-4F8F-B9BA-FA4D8CB22F78}.Ad-Hoc|x64.ActiveCfg = Release|Any CPU
		{FF2E4654-1F48-4F8F-B9BA-FA4D8CB22F78}.Ad-Hoc|x64.Build.0 = Release|Any CPU
		{FF2E4654-1F48-4F8F-B9BA-FA4D8CB22F78}.Ad-Hoc|x86.ActiveCfg = Release|Any CPU
		{FF2E4654-1F48-4F8F-B9BA-FA4D8CB22F78}.Ad-Hoc|x86.Build.0 = Release|Any CPU
		{FF2E4654-1F48-4F8F-B9BA-FA4D8CB22F78}.AppStore|Any CPU.ActiveCfg = Release|Any CPU
		{FF2E4654-1F48-4F8F-B9BA-FA4D8CB22F78}.AppStore|Any CPU.Build.0 = Release|Any CPU
		{FF2E4654-1F48-4F8F-B9BA-FA4D8CB22F78}.AppStore|ARM.ActiveCfg = Release|Any CPU
		{FF2E4654-1F48-4F8F-B9BA-FA4D8CB22F78}.AppStore|ARM.Build.0 = Release|Any CPU
		{FF2E4654-1F48-4F8F-B9BA-FA4D8CB22F78}.AppStore|iPhone.ActiveCfg = Release|Any CPU
		{FF2E4654-1F48-4F8F-B9BA-FA4D8CB22F78}.AppStore|iPhone.Build.0 = Release|Any CPU
		{FF2E4654-1F48-4F8F-B9BA-FA4D8CB22F78}.AppStore|iPhoneSimulator.ActiveCfg = Release|Any CPU
		{FF2E4654-1F48-4F8F-B9BA-FA4D8CB22F78}.AppStore|iPhoneSimulator.Build.0 = Release|Any CPU
		{FF2E4654-1F48-4F8F-B9BA-FA4D8CB22F78}.AppStore|x64.ActiveCfg = Release|Any CPU
		{FF2E4654-1F48-4F8F-B9BA-FA4D8CB22F78}.AppStore|x64.Build.0 = Release|Any CPU
		{FF2E4654-1F48-4F8F-B9BA-FA4D8CB22F78}.AppStore|x86.ActiveCfg = Release|Any CPU
		{FF2E4654-1F48-4F8F-B9BA-FA4D8CB22F78}.AppStore|x86.Build.0 = Release|Any CPU
		{FF2E4654-1F48-4F8F-B9BA-FA4D8CB22F78}.Debug|Any CPU.ActiveCfg = Debug|Any CPU
		{FF2E4654-1F48-4F8F-B9BA-FA4D8CB22F78}.Debug|Any CPU.Build.0 = Debug|Any CPU
		{FF2E4654-1F48-4F8F-B9BA-FA4D8CB22F78}.Debug|ARM.ActiveCfg = Debug|Any CPU
		{FF2E4654-1F48-4F8F-B9BA-FA4D8CB22F78}.Debug|ARM.Build.0 = Debug|Any CPU
		{FF2E4654-1F48-4F8F-B9BA-FA4D8CB22F78}.Debug|iPhone.ActiveCfg = Debug|Any CPU
		{FF2E4654-1F48-4F8F-B9BA-FA4D8CB22F78}.Debug|iPhone.Build.0 = Debug|Any CPU
		{FF2E4654-1F48-4F8F-B9BA-FA4D8CB22F78}.Debug|iPhoneSimulator.ActiveCfg = Debug|Any CPU
		{FF2E4654-1F48-4F8F-B9BA-FA4D8CB22F78}.Debug|iPhoneSimulator.Build.0 = Debug|Any CPU
		{FF2E4654-1F48-4F8F-B9BA-FA4D8CB22F78}.Debug|x64.ActiveCfg = Debug|Any CPU
		{FF2E4654-1F48-4F8F-B9BA-FA4D8CB22F78}.Debug|x64.Build.0 = Debug|Any CPU
		{FF2E4654-1F48-4F8F-B9BA-FA4D8CB22F78}.Debug|x86.ActiveCfg = Debug|Any CPU
		{FF2E4654-1F48-4F8F-B9BA-FA4D8CB22F78}.Debug|x86.Build.0 = Debug|Any CPU
		{FF2E4654-1F48-4F8F-B9BA-FA4D8CB22F78}.Release|Any CPU.ActiveCfg = Release|Any CPU
		{FF2E4654-1F48-4F8F-B9BA-FA4D8CB22F78}.Release|Any CPU.Build.0 = Release|Any CPU
		{FF2E4654-1F48-4F8F-B9BA-FA4D8CB22F78}.Release|ARM.ActiveCfg = Release|Any CPU
		{FF2E4654-1F48-4F8F-B9BA-FA4D8CB22F78}.Release|ARM.Build.0 = Release|Any CPU
		{FF2E4654-1F48-4F8F-B9BA-FA4D8CB22F78}.Release|iPhone.ActiveCfg = Release|Any CPU
		{FF2E4654-1F48-4F8F-B9BA-FA4D8CB22F78}.Release|iPhone.Build.0 = Release|Any CPU
		{FF2E4654-1F48-4F8F-B9BA-FA4D8CB22F78}.Release|iPhoneSimulator.ActiveCfg = Release|Any CPU
		{FF2E4654-1F48-4F8F-B9BA-FA4D8CB22F78}.Release|iPhoneSimulator.Build.0 = Release|Any CPU
		{FF2E4654-1F48-4F8F-B9BA-FA4D8CB22F78}.Release|x64.ActiveCfg = Release|Any CPU
		{FF2E4654-1F48-4F8F-B9BA-FA4D8CB22F78}.Release|x64.Build.0 = Release|Any CPU
		{FF2E4654-1F48-4F8F-B9BA-FA4D8CB22F78}.Release|x86.ActiveCfg = Release|Any CPU
		{FF2E4654-1F48-4F8F-B9BA-FA4D8CB22F78}.Release|x86.Build.0 = Release|Any CPU
		{20CB63FA-528B-4B56-8A63-74C3F5F2F11D}.Ad-Hoc|Any CPU.ActiveCfg = Release|Any CPU
		{20CB63FA-528B-4B56-8A63-74C3F5F2F11D}.Ad-Hoc|Any CPU.Build.0 = Release|Any CPU
		{20CB63FA-528B-4B56-8A63-74C3F5F2F11D}.Ad-Hoc|ARM.ActiveCfg = Release|Any CPU
		{20CB63FA-528B-4B56-8A63-74C3F5F2F11D}.Ad-Hoc|ARM.Build.0 = Release|Any CPU
		{20CB63FA-528B-4B56-8A63-74C3F5F2F11D}.Ad-Hoc|iPhone.ActiveCfg = Release|Any CPU
		{20CB63FA-528B-4B56-8A63-74C3F5F2F11D}.Ad-Hoc|iPhone.Build.0 = Release|Any CPU
		{20CB63FA-528B-4B56-8A63-74C3F5F2F11D}.Ad-Hoc|iPhoneSimulator.ActiveCfg = Release|Any CPU
		{20CB63FA-528B-4B56-8A63-74C3F5F2F11D}.Ad-Hoc|iPhoneSimulator.Build.0 = Release|Any CPU
		{20CB63FA-528B-4B56-8A63-74C3F5F2F11D}.Ad-Hoc|x64.ActiveCfg = Release|Any CPU
		{20CB63FA-528B-4B56-8A63-74C3F5F2F11D}.Ad-Hoc|x64.Build.0 = Release|Any CPU
		{20CB63FA-528B-4B56-8A63-74C3F5F2F11D}.Ad-Hoc|x86.ActiveCfg = Release|Any CPU
		{20CB63FA-528B-4B56-8A63-74C3F5F2F11D}.Ad-Hoc|x86.Build.0 = Release|Any CPU
		{20CB63FA-528B-4B56-8A63-74C3F5F2F11D}.AppStore|Any CPU.ActiveCfg = Release|Any CPU
		{20CB63FA-528B-4B56-8A63-74C3F5F2F11D}.AppStore|Any CPU.Build.0 = Release|Any CPU
		{20CB63FA-528B-4B56-8A63-74C3F5F2F11D}.AppStore|ARM.ActiveCfg = Release|Any CPU
		{20CB63FA-528B-4B56-8A63-74C3F5F2F11D}.AppStore|ARM.Build.0 = Release|Any CPU
		{20CB63FA-528B-4B56-8A63-74C3F5F2F11D}.AppStore|iPhone.ActiveCfg = Release|Any CPU
		{20CB63FA-528B-4B56-8A63-74C3F5F2F11D}.AppStore|iPhone.Build.0 = Release|Any CPU
		{20CB63FA-528B-4B56-8A63-74C3F5F2F11D}.AppStore|iPhoneSimulator.ActiveCfg = Release|Any CPU
		{20CB63FA-528B-4B56-8A63-74C3F5F2F11D}.AppStore|iPhoneSimulator.Build.0 = Release|Any CPU
		{20CB63FA-528B-4B56-8A63-74C3F5F2F11D}.AppStore|x64.ActiveCfg = Release|Any CPU
		{20CB63FA-528B-4B56-8A63-74C3F5F2F11D}.AppStore|x64.Build.0 = Release|Any CPU
		{20CB63FA-528B-4B56-8A63-74C3F5F2F11D}.AppStore|x86.ActiveCfg = Release|Any CPU
		{20CB63FA-528B-4B56-8A63-74C3F5F2F11D}.AppStore|x86.Build.0 = Release|Any CPU
		{20CB63FA-528B-4B56-8A63-74C3F5F2F11D}.Debug|Any CPU.ActiveCfg = Debug|Any CPU
		{20CB63FA-528B-4B56-8A63-74C3F5F2F11D}.Debug|Any CPU.Build.0 = Debug|Any CPU
		{20CB63FA-528B-4B56-8A63-74C3F5F2F11D}.Debug|ARM.ActiveCfg = Debug|Any CPU
		{20CB63FA-528B-4B56-8A63-74C3F5F2F11D}.Debug|ARM.Build.0 = Debug|Any CPU
		{20CB63FA-528B-4B56-8A63-74C3F5F2F11D}.Debug|iPhone.ActiveCfg = Debug|Any CPU
		{20CB63FA-528B-4B56-8A63-74C3F5F2F11D}.Debug|iPhone.Build.0 = Debug|Any CPU
		{20CB63FA-528B-4B56-8A63-74C3F5F2F11D}.Debug|iPhoneSimulator.ActiveCfg = Debug|Any CPU
		{20CB63FA-528B-4B56-8A63-74C3F5F2F11D}.Debug|iPhoneSimulator.Build.0 = Debug|Any CPU
		{20CB63FA-528B-4B56-8A63-74C3F5F2F11D}.Debug|x64.ActiveCfg = Debug|Any CPU
		{20CB63FA-528B-4B56-8A63-74C3F5F2F11D}.Debug|x64.Build.0 = Debug|Any CPU
		{20CB63FA-528B-4B56-8A63-74C3F5F2F11D}.Debug|x86.ActiveCfg = Debug|Any CPU
		{20CB63FA-528B-4B56-8A63-74C3F5F2F11D}.Debug|x86.Build.0 = Debug|Any CPU
		{20CB63FA-528B-4B56-8A63-74C3F5F2F11D}.Release|Any CPU.ActiveCfg = Release|Any CPU
		{20CB63FA-528B-4B56-8A63-74C3F5F2F11D}.Release|Any CPU.Build.0 = Release|Any CPU
		{20CB63FA-528B-4B56-8A63-74C3F5F2F11D}.Release|ARM.ActiveCfg = Release|Any CPU
		{20CB63FA-528B-4B56-8A63-74C3F5F2F11D}.Release|ARM.Build.0 = Release|Any CPU
		{20CB63FA-528B-4B56-8A63-74C3F5F2F11D}.Release|iPhone.ActiveCfg = Release|Any CPU
		{20CB63FA-528B-4B56-8A63-74C3F5F2F11D}.Release|iPhone.Build.0 = Release|Any CPU
		{20CB63FA-528B-4B56-8A63-74C3F5F2F11D}.Release|iPhoneSimulator.ActiveCfg = Release|Any CPU
		{20CB63FA-528B-4B56-8A63-74C3F5F2F11D}.Release|iPhoneSimulator.Build.0 = Release|Any CPU
		{20CB63FA-528B-4B56-8A63-74C3F5F2F11D}.Release|x64.ActiveCfg = Release|Any CPU
		{20CB63FA-528B-4B56-8A63-74C3F5F2F11D}.Release|x64.Build.0 = Release|Any CPU
		{20CB63FA-528B-4B56-8A63-74C3F5F2F11D}.Release|x86.ActiveCfg = Release|Any CPU
		{20CB63FA-528B-4B56-8A63-74C3F5F2F11D}.Release|x86.Build.0 = Release|Any CPU
		{0901F5F5-953D-4189-9EF0-5BA46C55A283}.Ad-Hoc|Any CPU.ActiveCfg = Release|Any CPU
		{0901F5F5-953D-4189-9EF0-5BA46C55A283}.Ad-Hoc|Any CPU.Build.0 = Release|Any CPU
		{0901F5F5-953D-4189-9EF0-5BA46C55A283}.Ad-Hoc|ARM.ActiveCfg = Release|Any CPU
		{0901F5F5-953D-4189-9EF0-5BA46C55A283}.Ad-Hoc|ARM.Build.0 = Release|Any CPU
		{0901F5F5-953D-4189-9EF0-5BA46C55A283}.Ad-Hoc|iPhone.ActiveCfg = Release|Any CPU
		{0901F5F5-953D-4189-9EF0-5BA46C55A283}.Ad-Hoc|iPhone.Build.0 = Release|Any CPU
		{0901F5F5-953D-4189-9EF0-5BA46C55A283}.Ad-Hoc|iPhoneSimulator.ActiveCfg = Release|Any CPU
		{0901F5F5-953D-4189-9EF0-5BA46C55A283}.Ad-Hoc|iPhoneSimulator.Build.0 = Release|Any CPU
		{0901F5F5-953D-4189-9EF0-5BA46C55A283}.Ad-Hoc|x64.ActiveCfg = Release|Any CPU
		{0901F5F5-953D-4189-9EF0-5BA46C55A283}.Ad-Hoc|x64.Build.0 = Release|Any CPU
		{0901F5F5-953D-4189-9EF0-5BA46C55A283}.Ad-Hoc|x86.ActiveCfg = Release|Any CPU
		{0901F5F5-953D-4189-9EF0-5BA46C55A283}.Ad-Hoc|x86.Build.0 = Release|Any CPU
		{0901F5F5-953D-4189-9EF0-5BA46C55A283}.AppStore|Any CPU.ActiveCfg = Release|Any CPU
		{0901F5F5-953D-4189-9EF0-5BA46C55A283}.AppStore|Any CPU.Build.0 = Release|Any CPU
		{0901F5F5-953D-4189-9EF0-5BA46C55A283}.AppStore|ARM.ActiveCfg = Release|Any CPU
		{0901F5F5-953D-4189-9EF0-5BA46C55A283}.AppStore|ARM.Build.0 = Release|Any CPU
		{0901F5F5-953D-4189-9EF0-5BA46C55A283}.AppStore|iPhone.ActiveCfg = Release|Any CPU
		{0901F5F5-953D-4189-9EF0-5BA46C55A283}.AppStore|iPhone.Build.0 = Release|Any CPU
		{0901F5F5-953D-4189-9EF0-5BA46C55A283}.AppStore|iPhoneSimulator.ActiveCfg = Release|Any CPU
		{0901F5F5-953D-4189-9EF0-5BA46C55A283}.AppStore|iPhoneSimulator.Build.0 = Release|Any CPU
		{0901F5F5-953D-4189-9EF0-5BA46C55A283}.AppStore|x64.ActiveCfg = Release|Any CPU
		{0901F5F5-953D-4189-9EF0-5BA46C55A283}.AppStore|x64.Build.0 = Release|Any CPU
		{0901F5F5-953D-4189-9EF0-5BA46C55A283}.AppStore|x86.ActiveCfg = Release|Any CPU
		{0901F5F5-953D-4189-9EF0-5BA46C55A283}.AppStore|x86.Build.0 = Release|Any CPU
		{0901F5F5-953D-4189-9EF0-5BA46C55A283}.Debug|Any CPU.ActiveCfg = Debug|Any CPU
		{0901F5F5-953D-4189-9EF0-5BA46C55A283}.Debug|Any CPU.Build.0 = Debug|Any CPU
		{0901F5F5-953D-4189-9EF0-5BA46C55A283}.Debug|ARM.ActiveCfg = Debug|Any CPU
		{0901F5F5-953D-4189-9EF0-5BA46C55A283}.Debug|ARM.Build.0 = Debug|Any CPU
		{0901F5F5-953D-4189-9EF0-5BA46C55A283}.Debug|iPhone.ActiveCfg = Debug|Any CPU
		{0901F5F5-953D-4189-9EF0-5BA46C55A283}.Debug|iPhone.Build.0 = Debug|Any CPU
		{0901F5F5-953D-4189-9EF0-5BA46C55A283}.Debug|iPhoneSimulator.ActiveCfg = Debug|Any CPU
		{0901F5F5-953D-4189-9EF0-5BA46C55A283}.Debug|iPhoneSimulator.Build.0 = Debug|Any CPU
		{0901F5F5-953D-4189-9EF0-5BA46C55A283}.Debug|x64.ActiveCfg = Debug|Any CPU
		{0901F5F5-953D-4189-9EF0-5BA46C55A283}.Debug|x64.Build.0 = Debug|Any CPU
		{0901F5F5-953D-4189-9EF0-5BA46C55A283}.Debug|x86.ActiveCfg = Debug|Any CPU
		{0901F5F5-953D-4189-9EF0-5BA46C55A283}.Debug|x86.Build.0 = Debug|Any CPU
		{0901F5F5-953D-4189-9EF0-5BA46C55A283}.Release|Any CPU.ActiveCfg = Release|Any CPU
		{0901F5F5-953D-4189-9EF0-5BA46C55A283}.Release|Any CPU.Build.0 = Release|Any CPU
		{0901F5F5-953D-4189-9EF0-5BA46C55A283}.Release|ARM.ActiveCfg = Release|Any CPU
		{0901F5F5-953D-4189-9EF0-5BA46C55A283}.Release|ARM.Build.0 = Release|Any CPU
		{0901F5F5-953D-4189-9EF0-5BA46C55A283}.Release|iPhone.ActiveCfg = Release|Any CPU
		{0901F5F5-953D-4189-9EF0-5BA46C55A283}.Release|iPhone.Build.0 = Release|Any CPU
		{0901F5F5-953D-4189-9EF0-5BA46C55A283}.Release|iPhoneSimulator.ActiveCfg = Release|Any CPU
		{0901F5F5-953D-4189-9EF0-5BA46C55A283}.Release|iPhoneSimulator.Build.0 = Release|Any CPU
		{0901F5F5-953D-4189-9EF0-5BA46C55A283}.Release|x64.ActiveCfg = Release|Any CPU
		{0901F5F5-953D-4189-9EF0-5BA46C55A283}.Release|x64.Build.0 = Release|Any CPU
		{0901F5F5-953D-4189-9EF0-5BA46C55A283}.Release|x86.ActiveCfg = Release|Any CPU
		{0901F5F5-953D-4189-9EF0-5BA46C55A283}.Release|x86.Build.0 = Release|Any CPU
		{AE675BBD-E87E-4169-BA91-D8D47143DAB6}.Ad-Hoc|Any CPU.ActiveCfg = Release|Any CPU
		{AE675BBD-E87E-4169-BA91-D8D47143DAB6}.Ad-Hoc|Any CPU.Build.0 = Release|Any CPU
		{AE675BBD-E87E-4169-BA91-D8D47143DAB6}.Ad-Hoc|ARM.ActiveCfg = Release|Any CPU
		{AE675BBD-E87E-4169-BA91-D8D47143DAB6}.Ad-Hoc|ARM.Build.0 = Release|Any CPU
		{AE675BBD-E87E-4169-BA91-D8D47143DAB6}.Ad-Hoc|iPhone.ActiveCfg = Release|Any CPU
		{AE675BBD-E87E-4169-BA91-D8D47143DAB6}.Ad-Hoc|iPhone.Build.0 = Release|Any CPU
		{AE675BBD-E87E-4169-BA91-D8D47143DAB6}.Ad-Hoc|iPhoneSimulator.ActiveCfg = Release|Any CPU
		{AE675BBD-E87E-4169-BA91-D8D47143DAB6}.Ad-Hoc|iPhoneSimulator.Build.0 = Release|Any CPU
		{AE675BBD-E87E-4169-BA91-D8D47143DAB6}.Ad-Hoc|x64.ActiveCfg = Release|Any CPU
		{AE675BBD-E87E-4169-BA91-D8D47143DAB6}.Ad-Hoc|x64.Build.0 = Release|Any CPU
		{AE675BBD-E87E-4169-BA91-D8D47143DAB6}.Ad-Hoc|x86.ActiveCfg = Release|Any CPU
		{AE675BBD-E87E-4169-BA91-D8D47143DAB6}.Ad-Hoc|x86.Build.0 = Release|Any CPU
		{AE675BBD-E87E-4169-BA91-D8D47143DAB6}.AppStore|Any CPU.ActiveCfg = Release|Any CPU
		{AE675BBD-E87E-4169-BA91-D8D47143DAB6}.AppStore|Any CPU.Build.0 = Release|Any CPU
		{AE675BBD-E87E-4169-BA91-D8D47143DAB6}.AppStore|ARM.ActiveCfg = Release|Any CPU
		{AE675BBD-E87E-4169-BA91-D8D47143DAB6}.AppStore|ARM.Build.0 = Release|Any CPU
		{AE675BBD-E87E-4169-BA91-D8D47143DAB6}.AppStore|iPhone.ActiveCfg = Release|Any CPU
		{AE675BBD-E87E-4169-BA91-D8D47143DAB6}.AppStore|iPhone.Build.0 = Release|Any CPU
		{AE675BBD-E87E-4169-BA91-D8D47143DAB6}.AppStore|iPhoneSimulator.ActiveCfg = Release|Any CPU
		{AE675BBD-E87E-4169-BA91-D8D47143DAB6}.AppStore|iPhoneSimulator.Build.0 = Release|Any CPU
		{AE675BBD-E87E-4169-BA91-D8D47143DAB6}.AppStore|x64.ActiveCfg = Release|Any CPU
		{AE675BBD-E87E-4169-BA91-D8D47143DAB6}.AppStore|x64.Build.0 = Release|Any CPU
		{AE675BBD-E87E-4169-BA91-D8D47143DAB6}.AppStore|x86.ActiveCfg = Release|Any CPU
		{AE675BBD-E87E-4169-BA91-D8D47143DAB6}.AppStore|x86.Build.0 = Release|Any CPU
		{AE675BBD-E87E-4169-BA91-D8D47143DAB6}.Debug|Any CPU.ActiveCfg = Debug|Any CPU
		{AE675BBD-E87E-4169-BA91-D8D47143DAB6}.Debug|Any CPU.Build.0 = Debug|Any CPU
		{AE675BBD-E87E-4169-BA91-D8D47143DAB6}.Debug|ARM.ActiveCfg = Debug|Any CPU
		{AE675BBD-E87E-4169-BA91-D8D47143DAB6}.Debug|ARM.Build.0 = Debug|Any CPU
		{AE675BBD-E87E-4169-BA91-D8D47143DAB6}.Debug|iPhone.ActiveCfg = Debug|Any CPU
		{AE675BBD-E87E-4169-BA91-D8D47143DAB6}.Debug|iPhone.Build.0 = Debug|Any CPU
		{AE675BBD-E87E-4169-BA91-D8D47143DAB6}.Debug|iPhoneSimulator.ActiveCfg = Debug|Any CPU
		{AE675BBD-E87E-4169-BA91-D8D47143DAB6}.Debug|iPhoneSimulator.Build.0 = Debug|Any CPU
		{AE675BBD-E87E-4169-BA91-D8D47143DAB6}.Debug|x64.ActiveCfg = Debug|Any CPU
		{AE675BBD-E87E-4169-BA91-D8D47143DAB6}.Debug|x64.Build.0 = Debug|Any CPU
		{AE675BBD-E87E-4169-BA91-D8D47143DAB6}.Debug|x86.ActiveCfg = Debug|Any CPU
		{AE675BBD-E87E-4169-BA91-D8D47143DAB6}.Debug|x86.Build.0 = Debug|Any CPU
		{AE675BBD-E87E-4169-BA91-D8D47143DAB6}.Release|Any CPU.ActiveCfg = Release|Any CPU
		{AE675BBD-E87E-4169-BA91-D8D47143DAB6}.Release|Any CPU.Build.0 = Release|Any CPU
		{AE675BBD-E87E-4169-BA91-D8D47143DAB6}.Release|ARM.ActiveCfg = Release|Any CPU
		{AE675BBD-E87E-4169-BA91-D8D47143DAB6}.Release|ARM.Build.0 = Release|Any CPU
		{AE675BBD-E87E-4169-BA91-D8D47143DAB6}.Release|iPhone.ActiveCfg = Release|Any CPU
		{AE675BBD-E87E-4169-BA91-D8D47143DAB6}.Release|iPhone.Build.0 = Release|Any CPU
		{AE675BBD-E87E-4169-BA91-D8D47143DAB6}.Release|iPhoneSimulator.ActiveCfg = Release|Any CPU
		{AE675BBD-E87E-4169-BA91-D8D47143DAB6}.Release|iPhoneSimulator.Build.0 = Release|Any CPU
		{AE675BBD-E87E-4169-BA91-D8D47143DAB6}.Release|x64.ActiveCfg = Release|Any CPU
		{AE675BBD-E87E-4169-BA91-D8D47143DAB6}.Release|x64.Build.0 = Release|Any CPU
		{AE675BBD-E87E-4169-BA91-D8D47143DAB6}.Release|x86.ActiveCfg = Release|Any CPU
		{AE675BBD-E87E-4169-BA91-D8D47143DAB6}.Release|x86.Build.0 = Release|Any CPU
		{9F22541C-A2DF-48F4-9754-3C3543DCF131}.Ad-Hoc|Any CPU.ActiveCfg = Release|Any CPU
		{9F22541C-A2DF-48F4-9754-3C3543DCF131}.Ad-Hoc|Any CPU.Build.0 = Release|Any CPU
		{9F22541C-A2DF-48F4-9754-3C3543DCF131}.Ad-Hoc|ARM.ActiveCfg = Release|Any CPU
		{9F22541C-A2DF-48F4-9754-3C3543DCF131}.Ad-Hoc|ARM.Build.0 = Release|Any CPU
		{9F22541C-A2DF-48F4-9754-3C3543DCF131}.Ad-Hoc|iPhone.ActiveCfg = Release|Any CPU
		{9F22541C-A2DF-48F4-9754-3C3543DCF131}.Ad-Hoc|iPhone.Build.0 = Release|Any CPU
		{9F22541C-A2DF-48F4-9754-3C3543DCF131}.Ad-Hoc|iPhoneSimulator.ActiveCfg = Release|Any CPU
		{9F22541C-A2DF-48F4-9754-3C3543DCF131}.Ad-Hoc|iPhoneSimulator.Build.0 = Release|Any CPU
		{9F22541C-A2DF-48F4-9754-3C3543DCF131}.Ad-Hoc|x64.ActiveCfg = Release|Any CPU
		{9F22541C-A2DF-48F4-9754-3C3543DCF131}.Ad-Hoc|x64.Build.0 = Release|Any CPU
		{9F22541C-A2DF-48F4-9754-3C3543DCF131}.Ad-Hoc|x86.ActiveCfg = Release|Any CPU
		{9F22541C-A2DF-48F4-9754-3C3543DCF131}.Ad-Hoc|x86.Build.0 = Release|Any CPU
		{9F22541C-A2DF-48F4-9754-3C3543DCF131}.AppStore|Any CPU.ActiveCfg = Release|Any CPU
		{9F22541C-A2DF-48F4-9754-3C3543DCF131}.AppStore|Any CPU.Build.0 = Release|Any CPU
		{9F22541C-A2DF-48F4-9754-3C3543DCF131}.AppStore|ARM.ActiveCfg = Release|Any CPU
		{9F22541C-A2DF-48F4-9754-3C3543DCF131}.AppStore|ARM.Build.0 = Release|Any CPU
		{9F22541C-A2DF-48F4-9754-3C3543DCF131}.AppStore|iPhone.ActiveCfg = Release|Any CPU
		{9F22541C-A2DF-48F4-9754-3C3543DCF131}.AppStore|iPhone.Build.0 = Release|Any CPU
		{9F22541C-A2DF-48F4-9754-3C3543DCF131}.AppStore|iPhoneSimulator.ActiveCfg = Release|Any CPU
		{9F22541C-A2DF-48F4-9754-3C3543DCF131}.AppStore|iPhoneSimulator.Build.0 = Release|Any CPU
		{9F22541C-A2DF-48F4-9754-3C3543DCF131}.AppStore|x64.ActiveCfg = Release|Any CPU
		{9F22541C-A2DF-48F4-9754-3C3543DCF131}.AppStore|x64.Build.0 = Release|Any CPU
		{9F22541C-A2DF-48F4-9754-3C3543DCF131}.AppStore|x86.ActiveCfg = Release|Any CPU
		{9F22541C-A2DF-48F4-9754-3C3543DCF131}.AppStore|x86.Build.0 = Release|Any CPU
		{9F22541C-A2DF-48F4-9754-3C3543DCF131}.Debug|Any CPU.ActiveCfg = Debug|Any CPU
		{9F22541C-A2DF-48F4-9754-3C3543DCF131}.Debug|Any CPU.Build.0 = Debug|Any CPU
		{9F22541C-A2DF-48F4-9754-3C3543DCF131}.Debug|ARM.ActiveCfg = Debug|Any CPU
		{9F22541C-A2DF-48F4-9754-3C3543DCF131}.Debug|ARM.Build.0 = Debug|Any CPU
		{9F22541C-A2DF-48F4-9754-3C3543DCF131}.Debug|iPhone.ActiveCfg = Debug|Any CPU
		{9F22541C-A2DF-48F4-9754-3C3543DCF131}.Debug|iPhone.Build.0 = Debug|Any CPU
		{9F22541C-A2DF-48F4-9754-3C3543DCF131}.Debug|iPhoneSimulator.ActiveCfg = Debug|Any CPU
		{9F22541C-A2DF-48F4-9754-3C3543DCF131}.Debug|iPhoneSimulator.Build.0 = Debug|Any CPU
		{9F22541C-A2DF-48F4-9754-3C3543DCF131}.Debug|x64.ActiveCfg = Debug|Any CPU
		{9F22541C-A2DF-48F4-9754-3C3543DCF131}.Debug|x64.Build.0 = Debug|Any CPU
		{9F22541C-A2DF-48F4-9754-3C3543DCF131}.Debug|x86.ActiveCfg = Debug|Any CPU
		{9F22541C-A2DF-48F4-9754-3C3543DCF131}.Debug|x86.Build.0 = Debug|Any CPU
		{9F22541C-A2DF-48F4-9754-3C3543DCF131}.Release|Any CPU.ActiveCfg = Release|Any CPU
		{9F22541C-A2DF-48F4-9754-3C3543DCF131}.Release|Any CPU.Build.0 = Release|Any CPU
		{9F22541C-A2DF-48F4-9754-3C3543DCF131}.Release|ARM.ActiveCfg = Release|Any CPU
		{9F22541C-A2DF-48F4-9754-3C3543DCF131}.Release|ARM.Build.0 = Release|Any CPU
		{9F22541C-A2DF-48F4-9754-3C3543DCF131}.Release|iPhone.ActiveCfg = Release|Any CPU
		{9F22541C-A2DF-48F4-9754-3C3543DCF131}.Release|iPhone.Build.0 = Release|Any CPU
		{9F22541C-A2DF-48F4-9754-3C3543DCF131}.Release|iPhoneSimulator.ActiveCfg = Release|Any CPU
		{9F22541C-A2DF-48F4-9754-3C3543DCF131}.Release|iPhoneSimulator.Build.0 = Release|Any CPU
		{9F22541C-A2DF-48F4-9754-3C3543DCF131}.Release|x64.ActiveCfg = Release|Any CPU
		{9F22541C-A2DF-48F4-9754-3C3543DCF131}.Release|x64.Build.0 = Release|Any CPU
		{9F22541C-A2DF-48F4-9754-3C3543DCF131}.Release|x86.ActiveCfg = Release|Any CPU
		{9F22541C-A2DF-48F4-9754-3C3543DCF131}.Release|x86.Build.0 = Release|Any CPU
		{3AD8ECE7-3C64-46DE-A5F9-66A8012504AB}.Ad-Hoc|Any CPU.ActiveCfg = Release|Any CPU
		{3AD8ECE7-3C64-46DE-A5F9-66A8012504AB}.Ad-Hoc|Any CPU.Build.0 = Release|Any CPU
		{3AD8ECE7-3C64-46DE-A5F9-66A8012504AB}.Ad-Hoc|ARM.ActiveCfg = Release|Any CPU
		{3AD8ECE7-3C64-46DE-A5F9-66A8012504AB}.Ad-Hoc|ARM.Build.0 = Release|Any CPU
		{3AD8ECE7-3C64-46DE-A5F9-66A8012504AB}.Ad-Hoc|iPhone.ActiveCfg = Release|Any CPU
		{3AD8ECE7-3C64-46DE-A5F9-66A8012504AB}.Ad-Hoc|iPhone.Build.0 = Release|Any CPU
		{3AD8ECE7-3C64-46DE-A5F9-66A8012504AB}.Ad-Hoc|iPhoneSimulator.ActiveCfg = Release|Any CPU
		{3AD8ECE7-3C64-46DE-A5F9-66A8012504AB}.Ad-Hoc|iPhoneSimulator.Build.0 = Release|Any CPU
		{3AD8ECE7-3C64-46DE-A5F9-66A8012504AB}.Ad-Hoc|x64.ActiveCfg = Release|Any CPU
		{3AD8ECE7-3C64-46DE-A5F9-66A8012504AB}.Ad-Hoc|x64.Build.0 = Release|Any CPU
		{3AD8ECE7-3C64-46DE-A5F9-66A8012504AB}.Ad-Hoc|x86.ActiveCfg = Release|Any CPU
		{3AD8ECE7-3C64-46DE-A5F9-66A8012504AB}.Ad-Hoc|x86.Build.0 = Release|Any CPU
		{3AD8ECE7-3C64-46DE-A5F9-66A8012504AB}.AppStore|Any CPU.ActiveCfg = Release|Any CPU
		{3AD8ECE7-3C64-46DE-A5F9-66A8012504AB}.AppStore|Any CPU.Build.0 = Release|Any CPU
		{3AD8ECE7-3C64-46DE-A5F9-66A8012504AB}.AppStore|ARM.ActiveCfg = Release|Any CPU
		{3AD8ECE7-3C64-46DE-A5F9-66A8012504AB}.AppStore|ARM.Build.0 = Release|Any CPU
		{3AD8ECE7-3C64-46DE-A5F9-66A8012504AB}.AppStore|iPhone.ActiveCfg = Release|Any CPU
		{3AD8ECE7-3C64-46DE-A5F9-66A8012504AB}.AppStore|iPhone.Build.0 = Release|Any CPU
		{3AD8ECE7-3C64-46DE-A5F9-66A8012504AB}.AppStore|iPhoneSimulator.ActiveCfg = Release|Any CPU
		{3AD8ECE7-3C64-46DE-A5F9-66A8012504AB}.AppStore|iPhoneSimulator.Build.0 = Release|Any CPU
		{3AD8ECE7-3C64-46DE-A5F9-66A8012504AB}.AppStore|x64.ActiveCfg = Release|Any CPU
		{3AD8ECE7-3C64-46DE-A5F9-66A8012504AB}.AppStore|x64.Build.0 = Release|Any CPU
		{3AD8ECE7-3C64-46DE-A5F9-66A8012504AB}.AppStore|x86.ActiveCfg = Release|Any CPU
		{3AD8ECE7-3C64-46DE-A5F9-66A8012504AB}.AppStore|x86.Build.0 = Release|Any CPU
		{3AD8ECE7-3C64-46DE-A5F9-66A8012504AB}.Debug|Any CPU.ActiveCfg = Debug|Any CPU
		{3AD8ECE7-3C64-46DE-A5F9-66A8012504AB}.Debug|Any CPU.Build.0 = Debug|Any CPU
		{3AD8ECE7-3C64-46DE-A5F9-66A8012504AB}.Debug|ARM.ActiveCfg = Debug|Any CPU
		{3AD8ECE7-3C64-46DE-A5F9-66A8012504AB}.Debug|ARM.Build.0 = Debug|Any CPU
		{3AD8ECE7-3C64-46DE-A5F9-66A8012504AB}.Debug|iPhone.ActiveCfg = Debug|Any CPU
		{3AD8ECE7-3C64-46DE-A5F9-66A8012504AB}.Debug|iPhone.Build.0 = Debug|Any CPU
		{3AD8ECE7-3C64-46DE-A5F9-66A8012504AB}.Debug|iPhoneSimulator.ActiveCfg = Debug|Any CPU
		{3AD8ECE7-3C64-46DE-A5F9-66A8012504AB}.Debug|iPhoneSimulator.Build.0 = Debug|Any CPU
		{3AD8ECE7-3C64-46DE-A5F9-66A8012504AB}.Debug|x64.ActiveCfg = Debug|Any CPU
		{3AD8ECE7-3C64-46DE-A5F9-66A8012504AB}.Debug|x64.Build.0 = Debug|Any CPU
		{3AD8ECE7-3C64-46DE-A5F9-66A8012504AB}.Debug|x86.ActiveCfg = Debug|Any CPU
		{3AD8ECE7-3C64-46DE-A5F9-66A8012504AB}.Debug|x86.Build.0 = Debug|Any CPU
		{3AD8ECE7-3C64-46DE-A5F9-66A8012504AB}.Release|Any CPU.ActiveCfg = Release|Any CPU
		{3AD8ECE7-3C64-46DE-A5F9-66A8012504AB}.Release|Any CPU.Build.0 = Release|Any CPU
		{3AD8ECE7-3C64-46DE-A5F9-66A8012504AB}.Release|ARM.ActiveCfg = Release|Any CPU
		{3AD8ECE7-3C64-46DE-A5F9-66A8012504AB}.Release|ARM.Build.0 = Release|Any CPU
		{3AD8ECE7-3C64-46DE-A5F9-66A8012504AB}.Release|iPhone.ActiveCfg = Release|Any CPU
		{3AD8ECE7-3C64-46DE-A5F9-66A8012504AB}.Release|iPhone.Build.0 = Release|Any CPU
		{3AD8ECE7-3C64-46DE-A5F9-66A8012504AB}.Release|iPhoneSimulator.ActiveCfg = Release|Any CPU
		{3AD8ECE7-3C64-46DE-A5F9-66A8012504AB}.Release|iPhoneSimulator.Build.0 = Release|Any CPU
		{3AD8ECE7-3C64-46DE-A5F9-66A8012504AB}.Release|x64.ActiveCfg = Release|Any CPU
		{3AD8ECE7-3C64-46DE-A5F9-66A8012504AB}.Release|x64.Build.0 = Release|Any CPU
		{3AD8ECE7-3C64-46DE-A5F9-66A8012504AB}.Release|x86.ActiveCfg = Release|Any CPU
		{3AD8ECE7-3C64-46DE-A5F9-66A8012504AB}.Release|x86.Build.0 = Release|Any CPU
		{20D78CBD-A75E-41F9-99F6-283DA3248B3C}.Ad-Hoc|Any CPU.ActiveCfg = Release|Any CPU
		{20D78CBD-A75E-41F9-99F6-283DA3248B3C}.Ad-Hoc|Any CPU.Build.0 = Release|Any CPU
		{20D78CBD-A75E-41F9-99F6-283DA3248B3C}.Ad-Hoc|ARM.ActiveCfg = Release|Any CPU
		{20D78CBD-A75E-41F9-99F6-283DA3248B3C}.Ad-Hoc|ARM.Build.0 = Release|Any CPU
		{20D78CBD-A75E-41F9-99F6-283DA3248B3C}.Ad-Hoc|iPhone.ActiveCfg = Release|Any CPU
		{20D78CBD-A75E-41F9-99F6-283DA3248B3C}.Ad-Hoc|iPhone.Build.0 = Release|Any CPU
		{20D78CBD-A75E-41F9-99F6-283DA3248B3C}.Ad-Hoc|iPhoneSimulator.ActiveCfg = Release|Any CPU
		{20D78CBD-A75E-41F9-99F6-283DA3248B3C}.Ad-Hoc|iPhoneSimulator.Build.0 = Release|Any CPU
		{20D78CBD-A75E-41F9-99F6-283DA3248B3C}.Ad-Hoc|x64.ActiveCfg = Release|Any CPU
		{20D78CBD-A75E-41F9-99F6-283DA3248B3C}.Ad-Hoc|x64.Build.0 = Release|Any CPU
		{20D78CBD-A75E-41F9-99F6-283DA3248B3C}.Ad-Hoc|x86.ActiveCfg = Release|Any CPU
		{20D78CBD-A75E-41F9-99F6-283DA3248B3C}.Ad-Hoc|x86.Build.0 = Release|Any CPU
		{20D78CBD-A75E-41F9-99F6-283DA3248B3C}.AppStore|Any CPU.ActiveCfg = Release|Any CPU
		{20D78CBD-A75E-41F9-99F6-283DA3248B3C}.AppStore|Any CPU.Build.0 = Release|Any CPU
		{20D78CBD-A75E-41F9-99F6-283DA3248B3C}.AppStore|ARM.ActiveCfg = Release|Any CPU
		{20D78CBD-A75E-41F9-99F6-283DA3248B3C}.AppStore|ARM.Build.0 = Release|Any CPU
		{20D78CBD-A75E-41F9-99F6-283DA3248B3C}.AppStore|iPhone.ActiveCfg = Release|Any CPU
		{20D78CBD-A75E-41F9-99F6-283DA3248B3C}.AppStore|iPhone.Build.0 = Release|Any CPU
		{20D78CBD-A75E-41F9-99F6-283DA3248B3C}.AppStore|iPhoneSimulator.ActiveCfg = Release|Any CPU
		{20D78CBD-A75E-41F9-99F6-283DA3248B3C}.AppStore|iPhoneSimulator.Build.0 = Release|Any CPU
		{20D78CBD-A75E-41F9-99F6-283DA3248B3C}.AppStore|x64.ActiveCfg = Release|Any CPU
		{20D78CBD-A75E-41F9-99F6-283DA3248B3C}.AppStore|x64.Build.0 = Release|Any CPU
		{20D78CBD-A75E-41F9-99F6-283DA3248B3C}.AppStore|x86.ActiveCfg = Release|Any CPU
		{20D78CBD-A75E-41F9-99F6-283DA3248B3C}.AppStore|x86.Build.0 = Release|Any CPU
		{20D78CBD-A75E-41F9-99F6-283DA3248B3C}.Debug|Any CPU.ActiveCfg = Debug|Any CPU
		{20D78CBD-A75E-41F9-99F6-283DA3248B3C}.Debug|Any CPU.Build.0 = Debug|Any CPU
		{20D78CBD-A75E-41F9-99F6-283DA3248B3C}.Debug|ARM.ActiveCfg = Debug|Any CPU
		{20D78CBD-A75E-41F9-99F6-283DA3248B3C}.Debug|ARM.Build.0 = Debug|Any CPU
		{20D78CBD-A75E-41F9-99F6-283DA3248B3C}.Debug|iPhone.ActiveCfg = Debug|Any CPU
		{20D78CBD-A75E-41F9-99F6-283DA3248B3C}.Debug|iPhone.Build.0 = Debug|Any CPU
		{20D78CBD-A75E-41F9-99F6-283DA3248B3C}.Debug|iPhoneSimulator.ActiveCfg = Debug|Any CPU
		{20D78CBD-A75E-41F9-99F6-283DA3248B3C}.Debug|iPhoneSimulator.Build.0 = Debug|Any CPU
		{20D78CBD-A75E-41F9-99F6-283DA3248B3C}.Debug|x64.ActiveCfg = Debug|Any CPU
		{20D78CBD-A75E-41F9-99F6-283DA3248B3C}.Debug|x64.Build.0 = Debug|Any CPU
		{20D78CBD-A75E-41F9-99F6-283DA3248B3C}.Debug|x86.ActiveCfg = Debug|Any CPU
		{20D78CBD-A75E-41F9-99F6-283DA3248B3C}.Debug|x86.Build.0 = Debug|Any CPU
		{20D78CBD-A75E-41F9-99F6-283DA3248B3C}.Release|Any CPU.ActiveCfg = Release|Any CPU
		{20D78CBD-A75E-41F9-99F6-283DA3248B3C}.Release|Any CPU.Build.0 = Release|Any CPU
		{20D78CBD-A75E-41F9-99F6-283DA3248B3C}.Release|ARM.ActiveCfg = Release|Any CPU
		{20D78CBD-A75E-41F9-99F6-283DA3248B3C}.Release|ARM.Build.0 = Release|Any CPU
		{20D78CBD-A75E-41F9-99F6-283DA3248B3C}.Release|iPhone.ActiveCfg = Release|Any CPU
		{20D78CBD-A75E-41F9-99F6-283DA3248B3C}.Release|iPhone.Build.0 = Release|Any CPU
		{20D78CBD-A75E-41F9-99F6-283DA3248B3C}.Release|iPhoneSimulator.ActiveCfg = Release|Any CPU
		{20D78CBD-A75E-41F9-99F6-283DA3248B3C}.Release|iPhoneSimulator.Build.0 = Release|Any CPU
		{20D78CBD-A75E-41F9-99F6-283DA3248B3C}.Release|x64.ActiveCfg = Release|Any CPU
		{20D78CBD-A75E-41F9-99F6-283DA3248B3C}.Release|x64.Build.0 = Release|Any CPU
		{20D78CBD-A75E-41F9-99F6-283DA3248B3C}.Release|x86.ActiveCfg = Release|Any CPU
		{20D78CBD-A75E-41F9-99F6-283DA3248B3C}.Release|x86.Build.0 = Release|Any CPU
		{CB3ABD2F-D3A1-466E-8C9C-B84815488876}.Ad-Hoc|Any CPU.ActiveCfg = Release|x64
		{CB3ABD2F-D3A1-466E-8C9C-B84815488876}.Ad-Hoc|Any CPU.Build.0 = Release|x64
		{CB3ABD2F-D3A1-466E-8C9C-B84815488876}.Ad-Hoc|Any CPU.Deploy.0 = Release|x64
		{CB3ABD2F-D3A1-466E-8C9C-B84815488876}.Ad-Hoc|ARM.ActiveCfg = Release|ARM
		{CB3ABD2F-D3A1-466E-8C9C-B84815488876}.Ad-Hoc|ARM.Build.0 = Release|ARM
		{CB3ABD2F-D3A1-466E-8C9C-B84815488876}.Ad-Hoc|ARM.Deploy.0 = Release|ARM
		{CB3ABD2F-D3A1-466E-8C9C-B84815488876}.Ad-Hoc|iPhone.ActiveCfg = Release|x64
		{CB3ABD2F-D3A1-466E-8C9C-B84815488876}.Ad-Hoc|iPhone.Build.0 = Release|x64
		{CB3ABD2F-D3A1-466E-8C9C-B84815488876}.Ad-Hoc|iPhone.Deploy.0 = Release|x64
		{CB3ABD2F-D3A1-466E-8C9C-B84815488876}.Ad-Hoc|iPhoneSimulator.ActiveCfg = Release|x64
		{CB3ABD2F-D3A1-466E-8C9C-B84815488876}.Ad-Hoc|iPhoneSimulator.Build.0 = Release|x64
		{CB3ABD2F-D3A1-466E-8C9C-B84815488876}.Ad-Hoc|iPhoneSimulator.Deploy.0 = Release|x64
		{CB3ABD2F-D3A1-466E-8C9C-B84815488876}.Ad-Hoc|x64.ActiveCfg = Release|x64
		{CB3ABD2F-D3A1-466E-8C9C-B84815488876}.Ad-Hoc|x64.Build.0 = Release|x64
		{CB3ABD2F-D3A1-466E-8C9C-B84815488876}.Ad-Hoc|x64.Deploy.0 = Release|x64
		{CB3ABD2F-D3A1-466E-8C9C-B84815488876}.Ad-Hoc|x86.ActiveCfg = Release|x86
		{CB3ABD2F-D3A1-466E-8C9C-B84815488876}.Ad-Hoc|x86.Build.0 = Release|x86
		{CB3ABD2F-D3A1-466E-8C9C-B84815488876}.Ad-Hoc|x86.Deploy.0 = Release|x86
		{CB3ABD2F-D3A1-466E-8C9C-B84815488876}.AppStore|Any CPU.ActiveCfg = Release|x64
		{CB3ABD2F-D3A1-466E-8C9C-B84815488876}.AppStore|Any CPU.Build.0 = Release|x64
		{CB3ABD2F-D3A1-466E-8C9C-B84815488876}.AppStore|Any CPU.Deploy.0 = Release|x64
		{CB3ABD2F-D3A1-466E-8C9C-B84815488876}.AppStore|ARM.ActiveCfg = Release|ARM
		{CB3ABD2F-D3A1-466E-8C9C-B84815488876}.AppStore|ARM.Build.0 = Release|ARM
		{CB3ABD2F-D3A1-466E-8C9C-B84815488876}.AppStore|ARM.Deploy.0 = Release|ARM
		{CB3ABD2F-D3A1-466E-8C9C-B84815488876}.AppStore|iPhone.ActiveCfg = Release|x64
		{CB3ABD2F-D3A1-466E-8C9C-B84815488876}.AppStore|iPhone.Build.0 = Release|x64
		{CB3ABD2F-D3A1-466E-8C9C-B84815488876}.AppStore|iPhone.Deploy.0 = Release|x64
		{CB3ABD2F-D3A1-466E-8C9C-B84815488876}.AppStore|iPhoneSimulator.ActiveCfg = Release|x64
		{CB3ABD2F-D3A1-466E-8C9C-B84815488876}.AppStore|iPhoneSimulator.Build.0 = Release|x64
		{CB3ABD2F-D3A1-466E-8C9C-B84815488876}.AppStore|iPhoneSimulator.Deploy.0 = Release|x64
		{CB3ABD2F-D3A1-466E-8C9C-B84815488876}.AppStore|x64.ActiveCfg = Release|x64
		{CB3ABD2F-D3A1-466E-8C9C-B84815488876}.AppStore|x64.Build.0 = Release|x64
		{CB3ABD2F-D3A1-466E-8C9C-B84815488876}.AppStore|x64.Deploy.0 = Release|x64
		{CB3ABD2F-D3A1-466E-8C9C-B84815488876}.AppStore|x86.ActiveCfg = Release|x86
		{CB3ABD2F-D3A1-466E-8C9C-B84815488876}.AppStore|x86.Build.0 = Release|x86
		{CB3ABD2F-D3A1-466E-8C9C-B84815488876}.AppStore|x86.Deploy.0 = Release|x86
		{CB3ABD2F-D3A1-466E-8C9C-B84815488876}.Debug|Any CPU.ActiveCfg = Debug|x86
		{CB3ABD2F-D3A1-466E-8C9C-B84815488876}.Debug|Any CPU.Build.0 = Debug|x86
		{CB3ABD2F-D3A1-466E-8C9C-B84815488876}.Debug|Any CPU.Deploy.0 = Debug|x86
		{CB3ABD2F-D3A1-466E-8C9C-B84815488876}.Debug|ARM.ActiveCfg = Debug|ARM
		{CB3ABD2F-D3A1-466E-8C9C-B84815488876}.Debug|ARM.Build.0 = Debug|ARM
		{CB3ABD2F-D3A1-466E-8C9C-B84815488876}.Debug|ARM.Deploy.0 = Debug|ARM
		{CB3ABD2F-D3A1-466E-8C9C-B84815488876}.Debug|iPhone.ActiveCfg = Debug|x86
		{CB3ABD2F-D3A1-466E-8C9C-B84815488876}.Debug|iPhoneSimulator.ActiveCfg = Debug|x86
		{CB3ABD2F-D3A1-466E-8C9C-B84815488876}.Debug|x64.ActiveCfg = Debug|x64
		{CB3ABD2F-D3A1-466E-8C9C-B84815488876}.Debug|x64.Build.0 = Debug|x64
		{CB3ABD2F-D3A1-466E-8C9C-B84815488876}.Debug|x64.Deploy.0 = Debug|x64
		{CB3ABD2F-D3A1-466E-8C9C-B84815488876}.Debug|x86.ActiveCfg = Debug|x86
		{CB3ABD2F-D3A1-466E-8C9C-B84815488876}.Debug|x86.Build.0 = Debug|x86
		{CB3ABD2F-D3A1-466E-8C9C-B84815488876}.Debug|x86.Deploy.0 = Debug|x86
		{CB3ABD2F-D3A1-466E-8C9C-B84815488876}.Release|Any CPU.ActiveCfg = Release|x86
		{CB3ABD2F-D3A1-466E-8C9C-B84815488876}.Release|ARM.ActiveCfg = Release|ARM
		{CB3ABD2F-D3A1-466E-8C9C-B84815488876}.Release|ARM.Build.0 = Release|ARM
		{CB3ABD2F-D3A1-466E-8C9C-B84815488876}.Release|ARM.Deploy.0 = Release|ARM
		{CB3ABD2F-D3A1-466E-8C9C-B84815488876}.Release|iPhone.ActiveCfg = Release|x86
		{CB3ABD2F-D3A1-466E-8C9C-B84815488876}.Release|iPhoneSimulator.ActiveCfg = Release|x86
		{CB3ABD2F-D3A1-466E-8C9C-B84815488876}.Release|x64.ActiveCfg = Release|x64
		{CB3ABD2F-D3A1-466E-8C9C-B84815488876}.Release|x64.Build.0 = Release|x64
		{CB3ABD2F-D3A1-466E-8C9C-B84815488876}.Release|x64.Deploy.0 = Release|x64
		{CB3ABD2F-D3A1-466E-8C9C-B84815488876}.Release|x86.ActiveCfg = Release|x86
		{CB3ABD2F-D3A1-466E-8C9C-B84815488876}.Release|x86.Build.0 = Release|x86
		{CB3ABD2F-D3A1-466E-8C9C-B84815488876}.Release|x86.Deploy.0 = Release|x86
		{85626A33-78B5-409C-AD13-3C7FE857CF25}.Ad-Hoc|Any CPU.ActiveCfg = Release|Any CPU
		{85626A33-78B5-409C-AD13-3C7FE857CF25}.Ad-Hoc|Any CPU.Build.0 = Release|Any CPU
		{85626A33-78B5-409C-AD13-3C7FE857CF25}.Ad-Hoc|Any CPU.Deploy.0 = Release|Any CPU
		{85626A33-78B5-409C-AD13-3C7FE857CF25}.Ad-Hoc|ARM.ActiveCfg = Release|Any CPU
		{85626A33-78B5-409C-AD13-3C7FE857CF25}.Ad-Hoc|ARM.Build.0 = Release|Any CPU
		{85626A33-78B5-409C-AD13-3C7FE857CF25}.Ad-Hoc|ARM.Deploy.0 = Release|Any CPU
		{85626A33-78B5-409C-AD13-3C7FE857CF25}.Ad-Hoc|iPhone.ActiveCfg = Release|Any CPU
		{85626A33-78B5-409C-AD13-3C7FE857CF25}.Ad-Hoc|iPhone.Build.0 = Release|Any CPU
		{85626A33-78B5-409C-AD13-3C7FE857CF25}.Ad-Hoc|iPhone.Deploy.0 = Release|Any CPU
		{85626A33-78B5-409C-AD13-3C7FE857CF25}.Ad-Hoc|iPhoneSimulator.ActiveCfg = Release|Any CPU
		{85626A33-78B5-409C-AD13-3C7FE857CF25}.Ad-Hoc|iPhoneSimulator.Build.0 = Release|Any CPU
		{85626A33-78B5-409C-AD13-3C7FE857CF25}.Ad-Hoc|iPhoneSimulator.Deploy.0 = Release|Any CPU
		{85626A33-78B5-409C-AD13-3C7FE857CF25}.Ad-Hoc|x64.ActiveCfg = Release|Any CPU
		{85626A33-78B5-409C-AD13-3C7FE857CF25}.Ad-Hoc|x64.Build.0 = Release|Any CPU
		{85626A33-78B5-409C-AD13-3C7FE857CF25}.Ad-Hoc|x64.Deploy.0 = Release|Any CPU
		{85626A33-78B5-409C-AD13-3C7FE857CF25}.Ad-Hoc|x86.ActiveCfg = Release|Any CPU
		{85626A33-78B5-409C-AD13-3C7FE857CF25}.Ad-Hoc|x86.Build.0 = Release|Any CPU
		{85626A33-78B5-409C-AD13-3C7FE857CF25}.Ad-Hoc|x86.Deploy.0 = Release|Any CPU
		{85626A33-78B5-409C-AD13-3C7FE857CF25}.AppStore|Any CPU.ActiveCfg = Release|Any CPU
		{85626A33-78B5-409C-AD13-3C7FE857CF25}.AppStore|Any CPU.Build.0 = Release|Any CPU
		{85626A33-78B5-409C-AD13-3C7FE857CF25}.AppStore|Any CPU.Deploy.0 = Release|Any CPU
		{85626A33-78B5-409C-AD13-3C7FE857CF25}.AppStore|ARM.ActiveCfg = Release|Any CPU
		{85626A33-78B5-409C-AD13-3C7FE857CF25}.AppStore|ARM.Build.0 = Release|Any CPU
		{85626A33-78B5-409C-AD13-3C7FE857CF25}.AppStore|ARM.Deploy.0 = Release|Any CPU
		{85626A33-78B5-409C-AD13-3C7FE857CF25}.AppStore|iPhone.ActiveCfg = Release|Any CPU
		{85626A33-78B5-409C-AD13-3C7FE857CF25}.AppStore|iPhone.Build.0 = Release|Any CPU
		{85626A33-78B5-409C-AD13-3C7FE857CF25}.AppStore|iPhone.Deploy.0 = Release|Any CPU
		{85626A33-78B5-409C-AD13-3C7FE857CF25}.AppStore|iPhoneSimulator.ActiveCfg = Release|Any CPU
		{85626A33-78B5-409C-AD13-3C7FE857CF25}.AppStore|iPhoneSimulator.Build.0 = Release|Any CPU
		{85626A33-78B5-409C-AD13-3C7FE857CF25}.AppStore|iPhoneSimulator.Deploy.0 = Release|Any CPU
		{85626A33-78B5-409C-AD13-3C7FE857CF25}.AppStore|x64.ActiveCfg = Release|Any CPU
		{85626A33-78B5-409C-AD13-3C7FE857CF25}.AppStore|x64.Build.0 = Release|Any CPU
		{85626A33-78B5-409C-AD13-3C7FE857CF25}.AppStore|x64.Deploy.0 = Release|Any CPU
		{85626A33-78B5-409C-AD13-3C7FE857CF25}.AppStore|x86.ActiveCfg = Release|Any CPU
		{85626A33-78B5-409C-AD13-3C7FE857CF25}.AppStore|x86.Build.0 = Release|Any CPU
		{85626A33-78B5-409C-AD13-3C7FE857CF25}.AppStore|x86.Deploy.0 = Release|Any CPU
		{85626A33-78B5-409C-AD13-3C7FE857CF25}.Debug|Any CPU.ActiveCfg = Debug|Any CPU
		{85626A33-78B5-409C-AD13-3C7FE857CF25}.Debug|Any CPU.Build.0 = Debug|Any CPU
		{85626A33-78B5-409C-AD13-3C7FE857CF25}.Debug|Any CPU.Deploy.0 = Debug|Any CPU
		{85626A33-78B5-409C-AD13-3C7FE857CF25}.Debug|ARM.ActiveCfg = Debug|Any CPU
		{85626A33-78B5-409C-AD13-3C7FE857CF25}.Debug|ARM.Build.0 = Debug|Any CPU
		{85626A33-78B5-409C-AD13-3C7FE857CF25}.Debug|ARM.Deploy.0 = Debug|Any CPU
		{85626A33-78B5-409C-AD13-3C7FE857CF25}.Debug|iPhone.ActiveCfg = Debug|Any CPU
		{85626A33-78B5-409C-AD13-3C7FE857CF25}.Debug|iPhone.Build.0 = Debug|Any CPU
		{85626A33-78B5-409C-AD13-3C7FE857CF25}.Debug|iPhone.Deploy.0 = Debug|Any CPU
		{85626A33-78B5-409C-AD13-3C7FE857CF25}.Debug|iPhoneSimulator.ActiveCfg = Debug|Any CPU
		{85626A33-78B5-409C-AD13-3C7FE857CF25}.Debug|iPhoneSimulator.Build.0 = Debug|Any CPU
		{85626A33-78B5-409C-AD13-3C7FE857CF25}.Debug|iPhoneSimulator.Deploy.0 = Debug|Any CPU
		{85626A33-78B5-409C-AD13-3C7FE857CF25}.Debug|x64.ActiveCfg = Debug|Any CPU
		{85626A33-78B5-409C-AD13-3C7FE857CF25}.Debug|x64.Build.0 = Debug|Any CPU
		{85626A33-78B5-409C-AD13-3C7FE857CF25}.Debug|x64.Deploy.0 = Debug|Any CPU
		{85626A33-78B5-409C-AD13-3C7FE857CF25}.Debug|x86.ActiveCfg = Debug|Any CPU
		{85626A33-78B5-409C-AD13-3C7FE857CF25}.Debug|x86.Build.0 = Debug|Any CPU
		{85626A33-78B5-409C-AD13-3C7FE857CF25}.Debug|x86.Deploy.0 = Debug|Any CPU
		{85626A33-78B5-409C-AD13-3C7FE857CF25}.Release|Any CPU.ActiveCfg = Release|Any CPU
		{85626A33-78B5-409C-AD13-3C7FE857CF25}.Release|Any CPU.Build.0 = Release|Any CPU
		{85626A33-78B5-409C-AD13-3C7FE857CF25}.Release|Any CPU.Deploy.0 = Release|Any CPU
		{85626A33-78B5-409C-AD13-3C7FE857CF25}.Release|ARM.ActiveCfg = Release|Any CPU
		{85626A33-78B5-409C-AD13-3C7FE857CF25}.Release|ARM.Build.0 = Release|Any CPU
		{85626A33-78B5-409C-AD13-3C7FE857CF25}.Release|ARM.Deploy.0 = Release|Any CPU
		{85626A33-78B5-409C-AD13-3C7FE857CF25}.Release|iPhone.ActiveCfg = Release|Any CPU
		{85626A33-78B5-409C-AD13-3C7FE857CF25}.Release|iPhone.Build.0 = Release|Any CPU
		{85626A33-78B5-409C-AD13-3C7FE857CF25}.Release|iPhone.Deploy.0 = Release|Any CPU
		{85626A33-78B5-409C-AD13-3C7FE857CF25}.Release|iPhoneSimulator.ActiveCfg = Release|Any CPU
		{85626A33-78B5-409C-AD13-3C7FE857CF25}.Release|iPhoneSimulator.Build.0 = Release|Any CPU
		{85626A33-78B5-409C-AD13-3C7FE857CF25}.Release|iPhoneSimulator.Deploy.0 = Release|Any CPU
		{85626A33-78B5-409C-AD13-3C7FE857CF25}.Release|x64.ActiveCfg = Release|Any CPU
		{85626A33-78B5-409C-AD13-3C7FE857CF25}.Release|x64.Build.0 = Release|Any CPU
		{85626A33-78B5-409C-AD13-3C7FE857CF25}.Release|x64.Deploy.0 = Release|Any CPU
		{85626A33-78B5-409C-AD13-3C7FE857CF25}.Release|x86.ActiveCfg = Release|Any CPU
		{85626A33-78B5-409C-AD13-3C7FE857CF25}.Release|x86.Build.0 = Release|Any CPU
		{85626A33-78B5-409C-AD13-3C7FE857CF25}.Release|x86.Deploy.0 = Release|Any CPU
		{707C51D4-4CCC-4DCD-8467-E06D7D250612}.Ad-Hoc|Any CPU.ActiveCfg = Ad-Hoc|iPhone
		{707C51D4-4CCC-4DCD-8467-E06D7D250612}.Ad-Hoc|ARM.ActiveCfg = Ad-Hoc|iPhone
		{707C51D4-4CCC-4DCD-8467-E06D7D250612}.Ad-Hoc|iPhone.ActiveCfg = Ad-Hoc|iPhone
		{707C51D4-4CCC-4DCD-8467-E06D7D250612}.Ad-Hoc|iPhone.Build.0 = Ad-Hoc|iPhone
		{707C51D4-4CCC-4DCD-8467-E06D7D250612}.Ad-Hoc|iPhoneSimulator.ActiveCfg = Ad-Hoc|iPhoneSimulator
		{707C51D4-4CCC-4DCD-8467-E06D7D250612}.Ad-Hoc|iPhoneSimulator.Build.0 = Ad-Hoc|iPhoneSimulator
		{707C51D4-4CCC-4DCD-8467-E06D7D250612}.Ad-Hoc|x64.ActiveCfg = Ad-Hoc|iPhone
		{707C51D4-4CCC-4DCD-8467-E06D7D250612}.Ad-Hoc|x86.ActiveCfg = Ad-Hoc|iPhone
		{707C51D4-4CCC-4DCD-8467-E06D7D250612}.AppStore|Any CPU.ActiveCfg = AppStore|iPhone
		{707C51D4-4CCC-4DCD-8467-E06D7D250612}.AppStore|ARM.ActiveCfg = AppStore|iPhone
		{707C51D4-4CCC-4DCD-8467-E06D7D250612}.AppStore|iPhone.ActiveCfg = AppStore|iPhone
		{707C51D4-4CCC-4DCD-8467-E06D7D250612}.AppStore|iPhone.Build.0 = AppStore|iPhone
		{707C51D4-4CCC-4DCD-8467-E06D7D250612}.AppStore|iPhoneSimulator.ActiveCfg = AppStore|iPhoneSimulator
		{707C51D4-4CCC-4DCD-8467-E06D7D250612}.AppStore|iPhoneSimulator.Build.0 = AppStore|iPhoneSimulator
		{707C51D4-4CCC-4DCD-8467-E06D7D250612}.AppStore|x64.ActiveCfg = AppStore|iPhone
		{707C51D4-4CCC-4DCD-8467-E06D7D250612}.AppStore|x86.ActiveCfg = AppStore|iPhone
		{707C51D4-4CCC-4DCD-8467-E06D7D250612}.Debug|Any CPU.ActiveCfg = Debug|iPhone
		{707C51D4-4CCC-4DCD-8467-E06D7D250612}.Debug|ARM.ActiveCfg = Debug|iPhone
		{707C51D4-4CCC-4DCD-8467-E06D7D250612}.Debug|iPhone.ActiveCfg = Debug|iPhone
		{707C51D4-4CCC-4DCD-8467-E06D7D250612}.Debug|iPhone.Build.0 = Debug|iPhone
		{707C51D4-4CCC-4DCD-8467-E06D7D250612}.Debug|iPhoneSimulator.ActiveCfg = Debug|iPhoneSimulator
		{707C51D4-4CCC-4DCD-8467-E06D7D250612}.Debug|iPhoneSimulator.Build.0 = Debug|iPhoneSimulator
		{707C51D4-4CCC-4DCD-8467-E06D7D250612}.Debug|x64.ActiveCfg = Debug|iPhone
		{707C51D4-4CCC-4DCD-8467-E06D7D250612}.Debug|x86.ActiveCfg = Debug|iPhone
		{707C51D4-4CCC-4DCD-8467-E06D7D250612}.Release|Any CPU.ActiveCfg = Release|iPhone
		{707C51D4-4CCC-4DCD-8467-E06D7D250612}.Release|ARM.ActiveCfg = Release|iPhone
		{707C51D4-4CCC-4DCD-8467-E06D7D250612}.Release|iPhone.ActiveCfg = Release|iPhone
		{707C51D4-4CCC-4DCD-8467-E06D7D250612}.Release|iPhone.Build.0 = Release|iPhone
		{707C51D4-4CCC-4DCD-8467-E06D7D250612}.Release|iPhoneSimulator.ActiveCfg = Release|iPhoneSimulator
		{707C51D4-4CCC-4DCD-8467-E06D7D250612}.Release|iPhoneSimulator.Build.0 = Release|iPhoneSimulator
		{707C51D4-4CCC-4DCD-8467-E06D7D250612}.Release|x64.ActiveCfg = Release|iPhone
		{707C51D4-4CCC-4DCD-8467-E06D7D250612}.Release|x86.ActiveCfg = Release|iPhone
		{A135958C-C18F-4385-9737-FB89B95F187C}.Ad-Hoc|Any CPU.ActiveCfg = Debug|Any CPU
		{A135958C-C18F-4385-9737-FB89B95F187C}.Ad-Hoc|Any CPU.Build.0 = Debug|Any CPU
		{A135958C-C18F-4385-9737-FB89B95F187C}.Ad-Hoc|ARM.ActiveCfg = Debug|Any CPU
		{A135958C-C18F-4385-9737-FB89B95F187C}.Ad-Hoc|ARM.Build.0 = Debug|Any CPU
		{A135958C-C18F-4385-9737-FB89B95F187C}.Ad-Hoc|iPhone.ActiveCfg = Debug|Any CPU
		{A135958C-C18F-4385-9737-FB89B95F187C}.Ad-Hoc|iPhone.Build.0 = Debug|Any CPU
		{A135958C-C18F-4385-9737-FB89B95F187C}.Ad-Hoc|iPhoneSimulator.ActiveCfg = Debug|Any CPU
		{A135958C-C18F-4385-9737-FB89B95F187C}.Ad-Hoc|iPhoneSimulator.Build.0 = Debug|Any CPU
		{A135958C-C18F-4385-9737-FB89B95F187C}.Ad-Hoc|x64.ActiveCfg = Debug|Any CPU
		{A135958C-C18F-4385-9737-FB89B95F187C}.Ad-Hoc|x64.Build.0 = Debug|Any CPU
		{A135958C-C18F-4385-9737-FB89B95F187C}.Ad-Hoc|x86.ActiveCfg = Debug|Any CPU
		{A135958C-C18F-4385-9737-FB89B95F187C}.Ad-Hoc|x86.Build.0 = Debug|Any CPU
		{A135958C-C18F-4385-9737-FB89B95F187C}.AppStore|Any CPU.ActiveCfg = Debug|Any CPU
		{A135958C-C18F-4385-9737-FB89B95F187C}.AppStore|Any CPU.Build.0 = Debug|Any CPU
		{A135958C-C18F-4385-9737-FB89B95F187C}.AppStore|ARM.ActiveCfg = Debug|Any CPU
		{A135958C-C18F-4385-9737-FB89B95F187C}.AppStore|ARM.Build.0 = Debug|Any CPU
		{A135958C-C18F-4385-9737-FB89B95F187C}.AppStore|iPhone.ActiveCfg = Debug|Any CPU
		{A135958C-C18F-4385-9737-FB89B95F187C}.AppStore|iPhone.Build.0 = Debug|Any CPU
		{A135958C-C18F-4385-9737-FB89B95F187C}.AppStore|iPhoneSimulator.ActiveCfg = Debug|Any CPU
		{A135958C-C18F-4385-9737-FB89B95F187C}.AppStore|iPhoneSimulator.Build.0 = Debug|Any CPU
		{A135958C-C18F-4385-9737-FB89B95F187C}.AppStore|x64.ActiveCfg = Debug|Any CPU
		{A135958C-C18F-4385-9737-FB89B95F187C}.AppStore|x64.Build.0 = Debug|Any CPU
		{A135958C-C18F-4385-9737-FB89B95F187C}.AppStore|x86.ActiveCfg = Debug|Any CPU
		{A135958C-C18F-4385-9737-FB89B95F187C}.AppStore|x86.Build.0 = Debug|Any CPU
		{A135958C-C18F-4385-9737-FB89B95F187C}.Debug|Any CPU.ActiveCfg = Debug|Any CPU
		{A135958C-C18F-4385-9737-FB89B95F187C}.Debug|Any CPU.Build.0 = Debug|Any CPU
		{A135958C-C18F-4385-9737-FB89B95F187C}.Debug|ARM.ActiveCfg = Debug|Any CPU
		{A135958C-C18F-4385-9737-FB89B95F187C}.Debug|ARM.Build.0 = Debug|Any CPU
		{A135958C-C18F-4385-9737-FB89B95F187C}.Debug|iPhone.ActiveCfg = Debug|Any CPU
		{A135958C-C18F-4385-9737-FB89B95F187C}.Debug|iPhone.Build.0 = Debug|Any CPU
		{A135958C-C18F-4385-9737-FB89B95F187C}.Debug|iPhoneSimulator.ActiveCfg = Debug|Any CPU
		{A135958C-C18F-4385-9737-FB89B95F187C}.Debug|iPhoneSimulator.Build.0 = Debug|Any CPU
		{A135958C-C18F-4385-9737-FB89B95F187C}.Debug|x64.ActiveCfg = Debug|Any CPU
		{A135958C-C18F-4385-9737-FB89B95F187C}.Debug|x64.Build.0 = Debug|Any CPU
		{A135958C-C18F-4385-9737-FB89B95F187C}.Debug|x86.ActiveCfg = Debug|Any CPU
		{A135958C-C18F-4385-9737-FB89B95F187C}.Debug|x86.Build.0 = Debug|Any CPU
		{A135958C-C18F-4385-9737-FB89B95F187C}.Release|Any CPU.ActiveCfg = Release|Any CPU
		{A135958C-C18F-4385-9737-FB89B95F187C}.Release|Any CPU.Build.0 = Release|Any CPU
		{A135958C-C18F-4385-9737-FB89B95F187C}.Release|ARM.ActiveCfg = Release|Any CPU
		{A135958C-C18F-4385-9737-FB89B95F187C}.Release|ARM.Build.0 = Release|Any CPU
		{A135958C-C18F-4385-9737-FB89B95F187C}.Release|iPhone.ActiveCfg = Release|Any CPU
		{A135958C-C18F-4385-9737-FB89B95F187C}.Release|iPhone.Build.0 = Release|Any CPU
		{A135958C-C18F-4385-9737-FB89B95F187C}.Release|iPhoneSimulator.ActiveCfg = Release|Any CPU
		{A135958C-C18F-4385-9737-FB89B95F187C}.Release|iPhoneSimulator.Build.0 = Release|Any CPU
		{A135958C-C18F-4385-9737-FB89B95F187C}.Release|x64.ActiveCfg = Release|Any CPU
		{A135958C-C18F-4385-9737-FB89B95F187C}.Release|x64.Build.0 = Release|Any CPU
		{A135958C-C18F-4385-9737-FB89B95F187C}.Release|x86.ActiveCfg = Release|Any CPU
		{A135958C-C18F-4385-9737-FB89B95F187C}.Release|x86.Build.0 = Release|Any CPU
		{01434805-4B7F-4126-91DE-6AE69F93AC77}.Ad-Hoc|Any CPU.ActiveCfg = Debug|Any CPU
		{01434805-4B7F-4126-91DE-6AE69F93AC77}.Ad-Hoc|Any CPU.Build.0 = Debug|Any CPU
		{01434805-4B7F-4126-91DE-6AE69F93AC77}.Ad-Hoc|ARM.ActiveCfg = Debug|Any CPU
		{01434805-4B7F-4126-91DE-6AE69F93AC77}.Ad-Hoc|ARM.Build.0 = Debug|Any CPU
		{01434805-4B7F-4126-91DE-6AE69F93AC77}.Ad-Hoc|iPhone.ActiveCfg = Debug|Any CPU
		{01434805-4B7F-4126-91DE-6AE69F93AC77}.Ad-Hoc|iPhone.Build.0 = Debug|Any CPU
		{01434805-4B7F-4126-91DE-6AE69F93AC77}.Ad-Hoc|iPhoneSimulator.ActiveCfg = Debug|Any CPU
		{01434805-4B7F-4126-91DE-6AE69F93AC77}.Ad-Hoc|iPhoneSimulator.Build.0 = Debug|Any CPU
		{01434805-4B7F-4126-91DE-6AE69F93AC77}.Ad-Hoc|x64.ActiveCfg = Debug|Any CPU
		{01434805-4B7F-4126-91DE-6AE69F93AC77}.Ad-Hoc|x64.Build.0 = Debug|Any CPU
		{01434805-4B7F-4126-91DE-6AE69F93AC77}.Ad-Hoc|x86.ActiveCfg = Debug|Any CPU
		{01434805-4B7F-4126-91DE-6AE69F93AC77}.Ad-Hoc|x86.Build.0 = Debug|Any CPU
		{01434805-4B7F-4126-91DE-6AE69F93AC77}.AppStore|Any CPU.ActiveCfg = Debug|Any CPU
		{01434805-4B7F-4126-91DE-6AE69F93AC77}.AppStore|Any CPU.Build.0 = Debug|Any CPU
		{01434805-4B7F-4126-91DE-6AE69F93AC77}.AppStore|ARM.ActiveCfg = Debug|Any CPU
		{01434805-4B7F-4126-91DE-6AE69F93AC77}.AppStore|ARM.Build.0 = Debug|Any CPU
		{01434805-4B7F-4126-91DE-6AE69F93AC77}.AppStore|iPhone.ActiveCfg = Debug|Any CPU
		{01434805-4B7F-4126-91DE-6AE69F93AC77}.AppStore|iPhone.Build.0 = Debug|Any CPU
		{01434805-4B7F-4126-91DE-6AE69F93AC77}.AppStore|iPhoneSimulator.ActiveCfg = Debug|Any CPU
		{01434805-4B7F-4126-91DE-6AE69F93AC77}.AppStore|iPhoneSimulator.Build.0 = Debug|Any CPU
		{01434805-4B7F-4126-91DE-6AE69F93AC77}.AppStore|x64.ActiveCfg = Debug|Any CPU
		{01434805-4B7F-4126-91DE-6AE69F93AC77}.AppStore|x64.Build.0 = Debug|Any CPU
		{01434805-4B7F-4126-91DE-6AE69F93AC77}.AppStore|x86.ActiveCfg = Debug|Any CPU
		{01434805-4B7F-4126-91DE-6AE69F93AC77}.AppStore|x86.Build.0 = Debug|Any CPU
		{01434805-4B7F-4126-91DE-6AE69F93AC77}.Debug|Any CPU.ActiveCfg = Debug|Any CPU
		{01434805-4B7F-4126-91DE-6AE69F93AC77}.Debug|Any CPU.Build.0 = Debug|Any CPU
		{01434805-4B7F-4126-91DE-6AE69F93AC77}.Debug|ARM.ActiveCfg = Debug|Any CPU
		{01434805-4B7F-4126-91DE-6AE69F93AC77}.Debug|ARM.Build.0 = Debug|Any CPU
		{01434805-4B7F-4126-91DE-6AE69F93AC77}.Debug|iPhone.ActiveCfg = Debug|Any CPU
		{01434805-4B7F-4126-91DE-6AE69F93AC77}.Debug|iPhone.Build.0 = Debug|Any CPU
		{01434805-4B7F-4126-91DE-6AE69F93AC77}.Debug|iPhoneSimulator.ActiveCfg = Debug|Any CPU
		{01434805-4B7F-4126-91DE-6AE69F93AC77}.Debug|iPhoneSimulator.Build.0 = Debug|Any CPU
		{01434805-4B7F-4126-91DE-6AE69F93AC77}.Debug|x64.ActiveCfg = Debug|Any CPU
		{01434805-4B7F-4126-91DE-6AE69F93AC77}.Debug|x64.Build.0 = Debug|Any CPU
		{01434805-4B7F-4126-91DE-6AE69F93AC77}.Debug|x86.ActiveCfg = Debug|Any CPU
		{01434805-4B7F-4126-91DE-6AE69F93AC77}.Debug|x86.Build.0 = Debug|Any CPU
		{01434805-4B7F-4126-91DE-6AE69F93AC77}.Release|Any CPU.ActiveCfg = Release|Any CPU
		{01434805-4B7F-4126-91DE-6AE69F93AC77}.Release|Any CPU.Build.0 = Release|Any CPU
		{01434805-4B7F-4126-91DE-6AE69F93AC77}.Release|ARM.ActiveCfg = Release|Any CPU
		{01434805-4B7F-4126-91DE-6AE69F93AC77}.Release|ARM.Build.0 = Release|Any CPU
		{01434805-4B7F-4126-91DE-6AE69F93AC77}.Release|iPhone.ActiveCfg = Release|Any CPU
		{01434805-4B7F-4126-91DE-6AE69F93AC77}.Release|iPhone.Build.0 = Release|Any CPU
		{01434805-4B7F-4126-91DE-6AE69F93AC77}.Release|iPhoneSimulator.ActiveCfg = Release|Any CPU
		{01434805-4B7F-4126-91DE-6AE69F93AC77}.Release|iPhoneSimulator.Build.0 = Release|Any CPU
		{01434805-4B7F-4126-91DE-6AE69F93AC77}.Release|x64.ActiveCfg = Release|Any CPU
		{01434805-4B7F-4126-91DE-6AE69F93AC77}.Release|x64.Build.0 = Release|Any CPU
		{01434805-4B7F-4126-91DE-6AE69F93AC77}.Release|x86.ActiveCfg = Release|Any CPU
		{01434805-4B7F-4126-91DE-6AE69F93AC77}.Release|x86.Build.0 = Release|Any CPU
	EndGlobalSection
	GlobalSection(SolutionProperties) = preSolution
		HideSolutionNode = FALSE
	EndGlobalSection
	GlobalSection(NestedProjects) = preSolution
		{2B260E3F-22C3-4E11-AFF6-0ACE260F3E7E} = {4452E130-0933-44E5-A1AE-32EF7864F119}
		{FF2E4654-1F48-4F8F-B9BA-FA4D8CB22F78} = {F78FB073-D3C8-4D7B-8AB0-593C87E8C76E}
		{20CB63FA-528B-4B56-8A63-74C3F5F2F11D} = {48AA8230-83B2-4AC7-B4AE-F5B70E1C100E}
		{0901F5F5-953D-4189-9EF0-5BA46C55A283} = {48AA8230-83B2-4AC7-B4AE-F5B70E1C100E}
		{AE675BBD-E87E-4169-BA91-D8D47143DAB6} = {2B260E3F-22C3-4E11-AFF6-0ACE260F3E7E}
		{9F22541C-A2DF-48F4-9754-3C3543DCF131} = {2B260E3F-22C3-4E11-AFF6-0ACE260F3E7E}
		{3AD8ECE7-3C64-46DE-A5F9-66A8012504AB} = {2B260E3F-22C3-4E11-AFF6-0ACE260F3E7E}
		{20D78CBD-A75E-41F9-99F6-283DA3248B3C} = {2B260E3F-22C3-4E11-AFF6-0ACE260F3E7E}
		{CB3ABD2F-D3A1-466E-8C9C-B84815488876} = {4452E130-0933-44E5-A1AE-32EF7864F119}
		{85626A33-78B5-409C-AD13-3C7FE857CF25} = {4452E130-0933-44E5-A1AE-32EF7864F119}
		{707C51D4-4CCC-4DCD-8467-E06D7D250612} = {4452E130-0933-44E5-A1AE-32EF7864F119}
		{A135958C-C18F-4385-9737-FB89B95F187C} = {2B260E3F-22C3-4E11-AFF6-0ACE260F3E7E}
		{01434805-4B7F-4126-91DE-6AE69F93AC77} = {F78FB073-D3C8-4D7B-8AB0-593C87E8C76E}
	EndGlobalSection
	GlobalSection(ExtensibilityGlobals) = postSolution
		SolutionGuid = {0761A84E-3006-4497-A692-8D026BB74529}
	EndGlobalSection
EndGlobal
