
Microsoft Visual Studio Solution File, Format Version 12.00
# Visual Studio 14
VisualStudioVersion = 14.0.24720.0
MinimumVisualStudioVersion = 10.0.40219.1
Project("{FAE04EC0-301F-11D3-BF4B-00C04F79EFBC}") = "Exrin.Abstraction", "Exrin.Abstraction\Exrin.Abstraction.csproj", "{F7D56290-97B4-4636-ABCA-8323C886A7E0}"
EndProject
Project("{FAE04EC0-301F-11D3-BF4B-00C04F79EFBC}") = "Exrin.Framework", "Exrin.Framework\Exrin.Framework.csproj", "{8947AD64-E787-4A00-9D6B-8E514133AD63}"
EndProject
Project("{2150E333-8FDC-42A3-9474-1A3956D46DE8}") = "Example", "Example", "{1A8D4D5E-3607-4860-AE8F-A31BEE2FFBBB}"
EndProject
Project("{FAE04EC0-301F-11D3-BF4B-00C04F79EFBC}") = "Exrin.UWP", "Exrin.UWP\Exrin.UWP.csproj", "{C4F2A096-F8C3-426C-B8F5-CD4D4E0BDB90}"
EndProject
Project("{FAE04EC0-301F-11D3-BF4B-00C04F79EFBC}") = "Exrin.App", "Exrin.App\Exrin.App.csproj", "{67F9D3A8-F71E-4428-913F-C37AE82CDB24}"
EndProject
Project("{2150E333-8FDC-42A3-9474-1A3956D46DE8}") = "Testing", "Testing", "{149AE0C1-2563-4F72-B10A-4D575473BFC7}"
EndProject
Project("{FAE04EC0-301F-11D3-BF4B-00C04F79EFBC}") = "Exrin.Framework.Tests", "Exrin.Framework.Tests\Exrin.Framework.Tests.csproj", "{EED8B106-3C98-4FC8-8D95-6E12E9838389}"
EndProject
Global
	GlobalSection(SolutionConfigurationPlatforms) = preSolution
		Debug|Any CPU = Debug|Any CPU
		Debug|ARM = Debug|ARM
		Debug|x64 = Debug|x64
		Debug|x86 = Debug|x86
		Release|Any CPU = Release|Any CPU
		Release|ARM = Release|ARM
		Release|x64 = Release|x64
		Release|x86 = Release|x86
	EndGlobalSection
	GlobalSection(ProjectConfigurationPlatforms) = postSolution
		{F7D56290-97B4-4636-ABCA-8323C886A7E0}.Debug|Any CPU.ActiveCfg = Debug|Any CPU
		{F7D56290-97B4-4636-ABCA-8323C886A7E0}.Debug|Any CPU.Build.0 = Debug|Any CPU
		{F7D56290-97B4-4636-ABCA-8323C886A7E0}.Debug|ARM.ActiveCfg = Debug|Any CPU
		{F7D56290-97B4-4636-ABCA-8323C886A7E0}.Debug|ARM.Build.0 = Debug|Any CPU
		{F7D56290-97B4-4636-ABCA-8323C886A7E0}.Debug|x64.ActiveCfg = Debug|Any CPU
		{F7D56290-97B4-4636-ABCA-8323C886A7E0}.Debug|x64.Build.0 = Debug|Any CPU
		{F7D56290-97B4-4636-ABCA-8323C886A7E0}.Debug|x86.ActiveCfg = Debug|Any CPU
		{F7D56290-97B4-4636-ABCA-8323C886A7E0}.Debug|x86.Build.0 = Debug|Any CPU
		{F7D56290-97B4-4636-ABCA-8323C886A7E0}.Release|Any CPU.ActiveCfg = Release|Any CPU
		{F7D56290-97B4-4636-ABCA-8323C886A7E0}.Release|Any CPU.Build.0 = Release|Any CPU
		{F7D56290-97B4-4636-ABCA-8323C886A7E0}.Release|ARM.ActiveCfg = Release|Any CPU
		{F7D56290-97B4-4636-ABCA-8323C886A7E0}.Release|ARM.Build.0 = Release|Any CPU
		{F7D56290-97B4-4636-ABCA-8323C886A7E0}.Release|x64.ActiveCfg = Release|Any CPU
		{F7D56290-97B4-4636-ABCA-8323C886A7E0}.Release|x64.Build.0 = Release|Any CPU
		{F7D56290-97B4-4636-ABCA-8323C886A7E0}.Release|x86.ActiveCfg = Release|Any CPU
		{F7D56290-97B4-4636-ABCA-8323C886A7E0}.Release|x86.Build.0 = Release|Any CPU
		{8947AD64-E787-4A00-9D6B-8E514133AD63}.Debug|Any CPU.ActiveCfg = Debug|Any CPU
		{8947AD64-E787-4A00-9D6B-8E514133AD63}.Debug|Any CPU.Build.0 = Debug|Any CPU
		{8947AD64-E787-4A00-9D6B-8E514133AD63}.Debug|ARM.ActiveCfg = Debug|Any CPU
		{8947AD64-E787-4A00-9D6B-8E514133AD63}.Debug|ARM.Build.0 = Debug|Any CPU
		{8947AD64-E787-4A00-9D6B-8E514133AD63}.Debug|x64.ActiveCfg = Debug|Any CPU
		{8947AD64-E787-4A00-9D6B-8E514133AD63}.Debug|x64.Build.0 = Debug|Any CPU
		{8947AD64-E787-4A00-9D6B-8E514133AD63}.Debug|x86.ActiveCfg = Debug|Any CPU
		{8947AD64-E787-4A00-9D6B-8E514133AD63}.Debug|x86.Build.0 = Debug|Any CPU
		{8947AD64-E787-4A00-9D6B-8E514133AD63}.Release|Any CPU.ActiveCfg = Release|Any CPU
		{8947AD64-E787-4A00-9D6B-8E514133AD63}.Release|Any CPU.Build.0 = Release|Any CPU
		{8947AD64-E787-4A00-9D6B-8E514133AD63}.Release|ARM.ActiveCfg = Release|Any CPU
		{8947AD64-E787-4A00-9D6B-8E514133AD63}.Release|ARM.Build.0 = Release|Any CPU
		{8947AD64-E787-4A00-9D6B-8E514133AD63}.Release|x64.ActiveCfg = Release|Any CPU
		{8947AD64-E787-4A00-9D6B-8E514133AD63}.Release|x64.Build.0 = Release|Any CPU
		{8947AD64-E787-4A00-9D6B-8E514133AD63}.Release|x86.ActiveCfg = Release|Any CPU
		{8947AD64-E787-4A00-9D6B-8E514133AD63}.Release|x86.Build.0 = Release|Any CPU
		{C4F2A096-F8C3-426C-B8F5-CD4D4E0BDB90}.Debug|Any CPU.ActiveCfg = Debug|x86
		{C4F2A096-F8C3-426C-B8F5-CD4D4E0BDB90}.Debug|Any CPU.Build.0 = Debug|x86
		{C4F2A096-F8C3-426C-B8F5-CD4D4E0BDB90}.Debug|Any CPU.Deploy.0 = Debug|x86
		{C4F2A096-F8C3-426C-B8F5-CD4D4E0BDB90}.Debug|ARM.ActiveCfg = Debug|ARM
		{C4F2A096-F8C3-426C-B8F5-CD4D4E0BDB90}.Debug|ARM.Build.0 = Debug|ARM
		{C4F2A096-F8C3-426C-B8F5-CD4D4E0BDB90}.Debug|ARM.Deploy.0 = Debug|ARM
		{C4F2A096-F8C3-426C-B8F5-CD4D4E0BDB90}.Debug|x64.ActiveCfg = Debug|x64
		{C4F2A096-F8C3-426C-B8F5-CD4D4E0BDB90}.Debug|x64.Build.0 = Debug|x64
		{C4F2A096-F8C3-426C-B8F5-CD4D4E0BDB90}.Debug|x64.Deploy.0 = Debug|x64
		{C4F2A096-F8C3-426C-B8F5-CD4D4E0BDB90}.Debug|x86.ActiveCfg = Debug|x86
		{C4F2A096-F8C3-426C-B8F5-CD4D4E0BDB90}.Debug|x86.Build.0 = Debug|x86
		{C4F2A096-F8C3-426C-B8F5-CD4D4E0BDB90}.Debug|x86.Deploy.0 = Debug|x86
		{C4F2A096-F8C3-426C-B8F5-CD4D4E0BDB90}.Release|Any CPU.ActiveCfg = Release|x86
		{C4F2A096-F8C3-426C-B8F5-CD4D4E0BDB90}.Release|ARM.ActiveCfg = Release|ARM
		{C4F2A096-F8C3-426C-B8F5-CD4D4E0BDB90}.Release|ARM.Build.0 = Release|ARM
		{C4F2A096-F8C3-426C-B8F5-CD4D4E0BDB90}.Release|ARM.Deploy.0 = Release|ARM
		{C4F2A096-F8C3-426C-B8F5-CD4D4E0BDB90}.Release|x64.ActiveCfg = Release|x64
		{C4F2A096-F8C3-426C-B8F5-CD4D4E0BDB90}.Release|x64.Build.0 = Release|x64
		{C4F2A096-F8C3-426C-B8F5-CD4D4E0BDB90}.Release|x64.Deploy.0 = Release|x64
		{C4F2A096-F8C3-426C-B8F5-CD4D4E0BDB90}.Release|x86.ActiveCfg = Release|x86
		{C4F2A096-F8C3-426C-B8F5-CD4D4E0BDB90}.Release|x86.Build.0 = Release|x86
		{C4F2A096-F8C3-426C-B8F5-CD4D4E0BDB90}.Release|x86.Deploy.0 = Release|x86
		{67F9D3A8-F71E-4428-913F-C37AE82CDB24}.Debug|Any CPU.ActiveCfg = Debug|Any CPU
		{67F9D3A8-F71E-4428-913F-C37AE82CDB24}.Debug|Any CPU.Build.0 = Debug|Any CPU
		{67F9D3A8-F71E-4428-913F-C37AE82CDB24}.Debug|ARM.ActiveCfg = Debug|Any CPU
		{67F9D3A8-F71E-4428-913F-C37AE82CDB24}.Debug|ARM.Build.0 = Debug|Any CPU
		{67F9D3A8-F71E-4428-913F-C37AE82CDB24}.Debug|x64.ActiveCfg = Debug|Any CPU
		{67F9D3A8-F71E-4428-913F-C37AE82CDB24}.Debug|x64.Build.0 = Debug|Any CPU
		{67F9D3A8-F71E-4428-913F-C37AE82CDB24}.Debug|x86.ActiveCfg = Debug|Any CPU
		{67F9D3A8-F71E-4428-913F-C37AE82CDB24}.Debug|x86.Build.0 = Debug|Any CPU
		{67F9D3A8-F71E-4428-913F-C37AE82CDB24}.Release|Any CPU.ActiveCfg = Release|Any CPU
		{67F9D3A8-F71E-4428-913F-C37AE82CDB24}.Release|Any CPU.Build.0 = Release|Any CPU
		{67F9D3A8-F71E-4428-913F-C37AE82CDB24}.Release|ARM.ActiveCfg = Release|Any CPU
		{67F9D3A8-F71E-4428-913F-C37AE82CDB24}.Release|ARM.Build.0 = Release|Any CPU
		{67F9D3A8-F71E-4428-913F-C37AE82CDB24}.Release|x64.ActiveCfg = Release|Any CPU
		{67F9D3A8-F71E-4428-913F-C37AE82CDB24}.Release|x64.Build.0 = Release|Any CPU
		{67F9D3A8-F71E-4428-913F-C37AE82CDB24}.Release|x86.ActiveCfg = Release|Any CPU
		{67F9D3A8-F71E-4428-913F-C37AE82CDB24}.Release|x86.Build.0 = Release|Any CPU
		{EED8B106-3C98-4FC8-8D95-6E12E9838389}.Debug|Any CPU.ActiveCfg = Debug|Any CPU
		{EED8B106-3C98-4FC8-8D95-6E12E9838389}.Debug|Any CPU.Build.0 = Debug|Any CPU
		{EED8B106-3C98-4FC8-8D95-6E12E9838389}.Debug|ARM.ActiveCfg = Debug|Any CPU
		{EED8B106-3C98-4FC8-8D95-6E12E9838389}.Debug|ARM.Build.0 = Debug|Any CPU
		{EED8B106-3C98-4FC8-8D95-6E12E9838389}.Debug|x64.ActiveCfg = Debug|Any CPU
		{EED8B106-3C98-4FC8-8D95-6E12E9838389}.Debug|x64.Build.0 = Debug|Any CPU
		{EED8B106-3C98-4FC8-8D95-6E12E9838389}.Debug|x86.ActiveCfg = Debug|Any CPU
		{EED8B106-3C98-4FC8-8D95-6E12E9838389}.Debug|x86.Build.0 = Debug|Any CPU
		{EED8B106-3C98-4FC8-8D95-6E12E9838389}.Release|Any CPU.ActiveCfg = Release|Any CPU
		{EED8B106-3C98-4FC8-8D95-6E12E9838389}.Release|Any CPU.Build.0 = Release|Any CPU
		{EED8B106-3C98-4FC8-8D95-6E12E9838389}.Release|ARM.ActiveCfg = Release|Any CPU
		{EED8B106-3C98-4FC8-8D95-6E12E9838389}.Release|ARM.Build.0 = Release|Any CPU
		{EED8B106-3C98-4FC8-8D95-6E12E9838389}.Release|x64.ActiveCfg = Release|Any CPU
		{EED8B106-3C98-4FC8-8D95-6E12E9838389}.Release|x64.Build.0 = Release|Any CPU
		{EED8B106-3C98-4FC8-8D95-6E12E9838389}.Release|x86.ActiveCfg = Release|Any CPU
		{EED8B106-3C98-4FC8-8D95-6E12E9838389}.Release|x86.Build.0 = Release|Any CPU
	EndGlobalSection
	GlobalSection(SolutionProperties) = preSolution
		HideSolutionNode = FALSE
	EndGlobalSection
	GlobalSection(NestedProjects) = preSolution
		{C4F2A096-F8C3-426C-B8F5-CD4D4E0BDB90} = {1A8D4D5E-3607-4860-AE8F-A31BEE2FFBBB}
		{67F9D3A8-F71E-4428-913F-C37AE82CDB24} = {1A8D4D5E-3607-4860-AE8F-A31BEE2FFBBB}
		{EED8B106-3C98-4FC8-8D95-6E12E9838389} = {149AE0C1-2563-4F72-B10A-4D575473BFC7}
	EndGlobalSection
EndGlobal
