
Microsoft Visual Studio Solution File, Format Version 12.00
# Visual Studio 14
VisualStudioVersion = 14.0.25420.1
MinimumVisualStudioVersion = 10.0.40219.1
Project("{FAE04EC0-301F-11D3-BF4B-00C04F79EFBC}") = "Exrin.Abstraction", "Exrin.Abstraction\Exrin.Abstraction.csproj", "{F7D56290-97B4-4636-ABCA-8323C886A7E0}"
EndProject
Project("{FAE04EC0-301F-11D3-BF4B-00C04F79EFBC}") = "Exrin.Framework", "Exrin.Framework\Exrin.Framework.csproj", "{8947AD64-E787-4A00-9D6B-8E514133AD63}"
EndProject
Project("{FAE04EC0-301F-11D3-BF4B-00C04F79EFBC}") = "Exrin.Framework.Tests", "Exrin.Framework.Tests\Exrin.Framework.Tests.csproj", "{EED8B106-3C98-4FC8-8D95-6E12E9838389}"
EndProject
Project("{FAE04EC0-301F-11D3-BF4B-00C04F79EFBC}") = "Exrin.Insights", "Exrin.Insights\Exrin.Insights.csproj", "{91CF9504-601C-4F74-B200-9300C72E409C}"
EndProject
Project("{FAE04EC0-301F-11D3-BF4B-00C04F79EFBC}") = "Exrin.Insights.Tests", "Exrin.Insights.Tests\Exrin.Insights.Tests.csproj", "{67F9D3A8-F71E-4428-913F-C37AE82CDB24}"
EndProject
Project("{2150E333-8FDC-42A3-9474-1A3956D46DE8}") = "Solution Items", "Solution Items", "{917CC942-A1BF-4E4A-8C03-67DA7C89EC09}"
	ProjectSection(SolutionItems) = preProject
		..\.gitignore = ..\.gitignore
		..\.travis.yml = ..\.travis.yml
		..\README.md = ..\README.md
	EndProjectSection
EndProject
Project("{FAE04EC0-301F-11D3-BF4B-00C04F79EFBC}") = "Exrin.Common", "Exrin.Common\Exrin.Common.csproj", "{DB58430A-DE9E-477F-9FEE-34E80720908E}"
EndProject
Project("{FAE04EC0-301F-11D3-BF4B-00C04F79EFBC}") = "Exrin.Debug", "Exrin.Debug\Exrin.Debug.csproj", "{78E32EEA-31B8-423F-9263-98EF7DECB986}"
EndProject
Global
	GlobalSection(SolutionConfigurationPlatforms) = preSolution
		Debug|Any CPU = Debug|Any CPU
		Debug|ARM = Debug|ARM
		Debug|x64 = Debug|x64
		Debug|x86 = Debug|x86
		Release|Any CPU = Release|Any CPU
		Release|ARM = Release|ARM
		Release|x64 = Release|x64
		Release|x86 = Release|x86
	EndGlobalSection
	GlobalSection(ProjectConfigurationPlatforms) = postSolution
		{F7D56290-97B4-4636-ABCA-8323C886A7E0}.Debug|Any CPU.ActiveCfg = Debug|Any CPU
		{F7D56290-97B4-4636-ABCA-8323C886A7E0}.Debug|Any CPU.Build.0 = Debug|Any CPU
		{F7D56290-97B4-4636-ABCA-8323C886A7E0}.Debug|ARM.ActiveCfg = Debug|Any CPU
		{F7D56290-97B4-4636-ABCA-8323C886A7E0}.Debug|ARM.Build.0 = Debug|Any CPU
		{F7D56290-97B4-4636-ABCA-8323C886A7E0}.Debug|x64.ActiveCfg = Debug|Any CPU
		{F7D56290-97B4-4636-ABCA-8323C886A7E0}.Debug|x64.Build.0 = Debug|Any CPU
		{F7D56290-97B4-4636-ABCA-8323C886A7E0}.Debug|x86.ActiveCfg = Debug|Any CPU
		{F7D56290-97B4-4636-ABCA-8323C886A7E0}.Debug|x86.Build.0 = Debug|Any CPU
		{F7D56290-97B4-4636-ABCA-8323C886A7E0}.Release|Any CPU.ActiveCfg = Release|Any CPU
		{F7D56290-97B4-4636-ABCA-8323C886A7E0}.Release|Any CPU.Build.0 = Release|Any CPU
		{F7D56290-97B4-4636-ABCA-8323C886A7E0}.Release|ARM.ActiveCfg = Release|Any CPU
		{F7D56290-97B4-4636-ABCA-8323C886A7E0}.Release|ARM.Build.0 = Release|Any CPU
		{F7D56290-97B4-4636-ABCA-8323C886A7E0}.Release|x64.ActiveCfg = Release|Any CPU
		{F7D56290-97B4-4636-ABCA-8323C886A7E0}.Release|x64.Build.0 = Release|Any CPU
		{F7D56290-97B4-4636-ABCA-8323C886A7E0}.Release|x86.ActiveCfg = Release|Any CPU
		{F7D56290-97B4-4636-ABCA-8323C886A7E0}.Release|x86.Build.0 = Release|Any CPU
		{8947AD64-E787-4A00-9D6B-8E514133AD63}.Debug|Any CPU.ActiveCfg = Debug|Any CPU
		{8947AD64-E787-4A00-9D6B-8E514133AD63}.Debug|Any CPU.Build.0 = Debug|Any CPU
		{8947AD64-E787-4A00-9D6B-8E514133AD63}.Debug|ARM.ActiveCfg = Debug|Any CPU
		{8947AD64-E787-4A00-9D6B-8E514133AD63}.Debug|ARM.Build.0 = Debug|Any CPU
		{8947AD64-E787-4A00-9D6B-8E514133AD63}.Debug|x64.ActiveCfg = Debug|Any CPU
		{8947AD64-E787-4A00-9D6B-8E514133AD63}.Debug|x64.Build.0 = Debug|Any CPU
		{8947AD64-E787-4A00-9D6B-8E514133AD63}.Debug|x86.ActiveCfg = Debug|Any CPU
		{8947AD64-E787-4A00-9D6B-8E514133AD63}.Debug|x86.Build.0 = Debug|Any CPU
		{8947AD64-E787-4A00-9D6B-8E514133AD63}.Release|Any CPU.ActiveCfg = Release|Any CPU
		{8947AD64-E787-4A00-9D6B-8E514133AD63}.Release|Any CPU.Build.0 = Release|Any CPU
		{8947AD64-E787-4A00-9D6B-8E514133AD63}.Release|ARM.ActiveCfg = Release|Any CPU
		{8947AD64-E787-4A00-9D6B-8E514133AD63}.Release|ARM.Build.0 = Release|Any CPU
		{8947AD64-E787-4A00-9D6B-8E514133AD63}.Release|x64.ActiveCfg = Release|Any CPU
		{8947AD64-E787-4A00-9D6B-8E514133AD63}.Release|x64.Build.0 = Release|Any CPU
		{8947AD64-E787-4A00-9D6B-8E514133AD63}.Release|x86.ActiveCfg = Release|Any CPU
		{8947AD64-E787-4A00-9D6B-8E514133AD63}.Release|x86.Build.0 = Release|Any CPU
		{EED8B106-3C98-4FC8-8D95-6E12E9838389}.Debug|Any CPU.ActiveCfg = Debug|Any CPU
		{EED8B106-3C98-4FC8-8D95-6E12E9838389}.Debug|Any CPU.Build.0 = Debug|Any CPU
		{EED8B106-3C98-4FC8-8D95-6E12E9838389}.Debug|ARM.ActiveCfg = Debug|Any CPU
		{EED8B106-3C98-4FC8-8D95-6E12E9838389}.Debug|ARM.Build.0 = Debug|Any CPU
		{EED8B106-3C98-4FC8-8D95-6E12E9838389}.Debug|x64.ActiveCfg = Debug|Any CPU
		{EED8B106-3C98-4FC8-8D95-6E12E9838389}.Debug|x64.Build.0 = Debug|Any CPU
		{EED8B106-3C98-4FC8-8D95-6E12E9838389}.Debug|x86.ActiveCfg = Debug|Any CPU
		{EED8B106-3C98-4FC8-8D95-6E12E9838389}.Debug|x86.Build.0 = Debug|Any CPU
		{EED8B106-3C98-4FC8-8D95-6E12E9838389}.Release|Any CPU.ActiveCfg = Release|Any CPU
		{EED8B106-3C98-4FC8-8D95-6E12E9838389}.Release|Any CPU.Build.0 = Release|Any CPU
		{EED8B106-3C98-4FC8-8D95-6E12E9838389}.Release|ARM.ActiveCfg = Release|Any CPU
		{EED8B106-3C98-4FC8-8D95-6E12E9838389}.Release|ARM.Build.0 = Release|Any CPU
		{EED8B106-3C98-4FC8-8D95-6E12E9838389}.Release|x64.ActiveCfg = Release|Any CPU
		{EED8B106-3C98-4FC8-8D95-6E12E9838389}.Release|x64.Build.0 = Release|Any CPU
		{EED8B106-3C98-4FC8-8D95-6E12E9838389}.Release|x86.ActiveCfg = Release|Any CPU
		{EED8B106-3C98-4FC8-8D95-6E12E9838389}.Release|x86.Build.0 = Release|Any CPU
		{91CF9504-601C-4F74-B200-9300C72E409C}.Debug|Any CPU.ActiveCfg = Debug|Any CPU
		{91CF9504-601C-4F74-B200-9300C72E409C}.Debug|Any CPU.Build.0 = Debug|Any CPU
		{91CF9504-601C-4F74-B200-9300C72E409C}.Debug|ARM.ActiveCfg = Debug|Any CPU
		{91CF9504-601C-4F74-B200-9300C72E409C}.Debug|ARM.Build.0 = Debug|Any CPU
		{91CF9504-601C-4F74-B200-9300C72E409C}.Debug|x64.ActiveCfg = Debug|Any CPU
		{91CF9504-601C-4F74-B200-9300C72E409C}.Debug|x64.Build.0 = Debug|Any CPU
		{91CF9504-601C-4F74-B200-9300C72E409C}.Debug|x86.ActiveCfg = Debug|Any CPU
		{91CF9504-601C-4F74-B200-9300C72E409C}.Debug|x86.Build.0 = Debug|Any CPU
		{91CF9504-601C-4F74-B200-9300C72E409C}.Release|Any CPU.ActiveCfg = Release|Any CPU
		{91CF9504-601C-4F74-B200-9300C72E409C}.Release|Any CPU.Build.0 = Release|Any CPU
		{91CF9504-601C-4F74-B200-9300C72E409C}.Release|ARM.ActiveCfg = Release|Any CPU
		{91CF9504-601C-4F74-B200-9300C72E409C}.Release|ARM.Build.0 = Release|Any CPU
		{91CF9504-601C-4F74-B200-9300C72E409C}.Release|x64.ActiveCfg = Release|Any CPU
		{91CF9504-601C-4F74-B200-9300C72E409C}.Release|x64.Build.0 = Release|Any CPU
		{91CF9504-601C-4F74-B200-9300C72E409C}.Release|x86.ActiveCfg = Release|Any CPU
		{91CF9504-601C-4F74-B200-9300C72E409C}.Release|x86.Build.0 = Release|Any CPU
		{67F9D3A8-F71E-4428-913F-C37AE82CDB24}.Debug|Any CPU.ActiveCfg = Debug|Any CPU
		{67F9D3A8-F71E-4428-913F-C37AE82CDB24}.Debug|Any CPU.Build.0 = Debug|Any CPU
		{67F9D3A8-F71E-4428-913F-C37AE82CDB24}.Debug|ARM.ActiveCfg = Debug|Any CPU
		{67F9D3A8-F71E-4428-913F-C37AE82CDB24}.Debug|ARM.Build.0 = Debug|Any CPU
		{67F9D3A8-F71E-4428-913F-C37AE82CDB24}.Debug|x64.ActiveCfg = Debug|Any CPU
		{67F9D3A8-F71E-4428-913F-C37AE82CDB24}.Debug|x64.Build.0 = Debug|Any CPU
		{67F9D3A8-F71E-4428-913F-C37AE82CDB24}.Debug|x86.ActiveCfg = Debug|Any CPU
		{67F9D3A8-F71E-4428-913F-C37AE82CDB24}.Debug|x86.Build.0 = Debug|Any CPU
		{67F9D3A8-F71E-4428-913F-C37AE82CDB24}.Release|Any CPU.ActiveCfg = Release|Any CPU
		{67F9D3A8-F71E-4428-913F-C37AE82CDB24}.Release|Any CPU.Build.0 = Release|Any CPU
		{67F9D3A8-F71E-4428-913F-C37AE82CDB24}.Release|ARM.ActiveCfg = Release|Any CPU
		{67F9D3A8-F71E-4428-913F-C37AE82CDB24}.Release|ARM.Build.0 = Release|Any CPU
		{67F9D3A8-F71E-4428-913F-C37AE82CDB24}.Release|x64.ActiveCfg = Release|Any CPU
		{67F9D3A8-F71E-4428-913F-C37AE82CDB24}.Release|x64.Build.0 = Release|Any CPU
		{67F9D3A8-F71E-4428-913F-C37AE82CDB24}.Release|x86.ActiveCfg = Release|Any CPU
		{67F9D3A8-F71E-4428-913F-C37AE82CDB24}.Release|x86.Build.0 = Release|Any CPU
		{DB58430A-DE9E-477F-9FEE-34E80720908E}.Debug|Any CPU.ActiveCfg = Debug|Any CPU
		{DB58430A-DE9E-477F-9FEE-34E80720908E}.Debug|Any CPU.Build.0 = Debug|Any CPU
		{DB58430A-DE9E-477F-9FEE-34E80720908E}.Debug|ARM.ActiveCfg = Debug|Any CPU
		{DB58430A-DE9E-477F-9FEE-34E80720908E}.Debug|ARM.Build.0 = Debug|Any CPU
		{DB58430A-DE9E-477F-9FEE-34E80720908E}.Debug|x64.ActiveCfg = Debug|Any CPU
		{DB58430A-DE9E-477F-9FEE-34E80720908E}.Debug|x64.Build.0 = Debug|Any CPU
		{DB58430A-DE9E-477F-9FEE-34E80720908E}.Debug|x86.ActiveCfg = Debug|Any CPU
		{DB58430A-DE9E-477F-9FEE-34E80720908E}.Debug|x86.Build.0 = Debug|Any CPU
		{DB58430A-DE9E-477F-9FEE-34E80720908E}.Release|Any CPU.ActiveCfg = Release|Any CPU
		{DB58430A-DE9E-477F-9FEE-34E80720908E}.Release|Any CPU.Build.0 = Release|Any CPU
		{DB58430A-DE9E-477F-9FEE-34E80720908E}.Release|ARM.ActiveCfg = Release|Any CPU
		{DB58430A-DE9E-477F-9FEE-34E80720908E}.Release|ARM.Build.0 = Release|Any CPU
		{DB58430A-DE9E-477F-9FEE-34E80720908E}.Release|x64.ActiveCfg = Release|Any CPU
		{DB58430A-DE9E-477F-9FEE-34E80720908E}.Release|x64.Build.0 = Release|Any CPU
		{DB58430A-DE9E-477F-9FEE-34E80720908E}.Release|x86.ActiveCfg = Release|Any CPU
		{DB58430A-DE9E-477F-9FEE-34E80720908E}.Release|x86.Build.0 = Release|Any CPU
		{78E32EEA-31B8-423F-9263-98EF7DECB986}.Debug|Any CPU.ActiveCfg = Debug|Any CPU
		{78E32EEA-31B8-423F-9263-98EF7DECB986}.Debug|Any CPU.Build.0 = Debug|Any CPU
		{78E32EEA-31B8-423F-9263-98EF7DECB986}.Debug|ARM.ActiveCfg = Debug|Any CPU
		{78E32EEA-31B8-423F-9263-98EF7DECB986}.Debug|ARM.Build.0 = Debug|Any CPU
		{78E32EEA-31B8-423F-9263-98EF7DECB986}.Debug|x64.ActiveCfg = Debug|Any CPU
		{78E32EEA-31B8-423F-9263-98EF7DECB986}.Debug|x64.Build.0 = Debug|Any CPU
		{78E32EEA-31B8-423F-9263-98EF7DECB986}.Debug|x86.ActiveCfg = Debug|Any CPU
		{78E32EEA-31B8-423F-9263-98EF7DECB986}.Debug|x86.Build.0 = Debug|Any CPU
		{78E32EEA-31B8-423F-9263-98EF7DECB986}.Release|Any CPU.ActiveCfg = Release|Any CPU
		{78E32EEA-31B8-423F-9263-98EF7DECB986}.Release|Any CPU.Build.0 = Release|Any CPU
		{78E32EEA-31B8-423F-9263-98EF7DECB986}.Release|ARM.ActiveCfg = Release|Any CPU
		{78E32EEA-31B8-423F-9263-98EF7DECB986}.Release|ARM.Build.0 = Release|Any CPU
		{78E32EEA-31B8-423F-9263-98EF7DECB986}.Release|x64.ActiveCfg = Release|Any CPU
		{78E32EEA-31B8-423F-9263-98EF7DECB986}.Release|x64.Build.0 = Release|Any CPU
		{78E32EEA-31B8-423F-9263-98EF7DECB986}.Release|x86.ActiveCfg = Release|Any CPU
		{78E32EEA-31B8-423F-9263-98EF7DECB986}.Release|x86.Build.0 = Release|Any CPU
	EndGlobalSection
	GlobalSection(SolutionProperties) = preSolution
		HideSolutionNode = FALSE
	EndGlobalSection
EndGlobal
